// !$*UTF8*$!
{
	archiveVersion = 1;
	classes = {
	};
	objectVersion = 77;
	objects = {

/* Begin PBXBuildFile section */
		04DB51B2A725C113B3A6EE29 /* ArtifactsView.swift in Sources */ = {isa = PBXBuildFile; fileRef = D86348B9DC8374F8A7B3688E /* ArtifactsView.swift */; };
		0500B008F57FCDD7EDF29B83 /* ChatViewModel.swift in Sources */ = {isa = PBXBuildFile; fileRef = EFF61283EBAE28E6191391DB /* ChatViewModel.swift */; };
		091EDBC0BE2D2B27D772B014 /* DynamicIslandExpandedView.swift in Sources */ = {isa = PBXBuildFile; fileRef = 251C0C6808F6AE962B5773BF /* DynamicIslandExpandedView.swift */; };
		0B6DC2E41A1DD8086756F4A4 /* AgentTaskAttributes.swift in Sources */ = {isa = PBXBuildFile; fileRef = 582462DD41026975764CB27B /* AgentTaskAttributes.swift */; };
		11F022E5C4471ED50783C0FA /* AgentSyncManager.swift in Sources */ = {isa = PBXBuildFile; fileRef = 7985AEBA9004F16FCC63F390 /* AgentSyncManager.swift */; };
		184609C6EBCE7907B8314B79 /* MascotState.swift in Sources */ = {isa = PBXBuildFile; fileRef = 656F809295E8CC07CB44BF0F /* MascotState.swift */; };
		18E246F86CCFC3D52E28E1DA /* MiWarpRPC.swift in Sources */ = {isa = PBXBuildFile; fileRef = 87A3AF41B54A7D4AF4EF7B78 /* MiWarpRPC.swift */; };
		1A0B8BAEDB303A040B818DDC /* Assets.xcassets in Resources */ = {isa = PBXBuildFile; fileRef = 64526B69FA3F302F90E918A2 /* Assets.xcassets */; };
		1AAB91C90865BBEFE731E609 /* QRScannerView.swift in Sources */ = {isa = PBXBuildFile; fileRef = 0357B8FA940E87F3AFEE4019 /* QRScannerView.swift */; };
		1F4AF87F9F9A169B726E6DC5 /* MiWarpActivityAvatarRing.swift in Sources */ = {isa = PBXBuildFile; fileRef = F023646BC636346DDF4C6A25 /* MiWarpActivityAvatarRing.swift */; };
		2230134581D0560F10F45CAB /* MWSizeUtilities.swift in Sources */ = {isa = PBXBuildFile; fileRef = 9AFC39E7EC252A84AB6C8F9B /* MWSizeUtilities.swift */; };
		229B2EAEDF54BFC2FFF64DE3 /* SpotlightIndexer.swift in Sources */ = {isa = PBXBuildFile; fileRef = 836AB5B2809FBBC41DB1D5F2 /* SpotlightIndexer.swift */; };
		24908B86D77D42EB10C3DEF0 /* AppRouter.swift in Sources */ = {isa = PBXBuildFile; fileRef = B9EBC6E7E1C3A6687A1AC5BD /* AppRouter.swift */; };
		27176FD90C32057D4DF0B2DC /* AgentTaskAttributes.swift in Sources */ = {isa = PBXBuildFile; fileRef = 582462DD41026975764CB27B /* AgentTaskAttributes.swift */; };
		2DD50F246947160FB772ECF2 /* MascotState.swift in Sources */ = {isa = PBXBuildFile; fileRef = 656F809295E8CC07CB44BF0F /* MascotState.swift */; };
		2F60229AB1D0CB49FBE916AF /* Localizable.strings in Resources */ = {isa = PBXBuildFile; fileRef = 19277AFC949508765C8A8E4D /* Localizable.strings */; };
		31752E8113DC5B9B09E5B8D0 /* DiffPreviewView.swift in Sources */ = {isa = PBXBuildFile; fileRef = F0F107680AD38109AD258F79 /* DiffPreviewView.swift */; };
		3F6BFBDB959EC1C975CA3F05 /* MiWarpLogger.swift in Sources */ = {isa = PBXBuildFile; fileRef = 3EF42EA4D95E49A3EE8DFCE5 /* MiWarpLogger.swift */; };
		46C205483229F049CF7547B0 /* MobileSettingsView.swift in Sources */ = {isa = PBXBuildFile; fileRef = 1BDC398FA44E521237508ED9 /* MobileSettingsView.swift */; };
		4DD2694249859A43B61D0599 /* LiveActivityManager.swift in Sources */ = {isa = PBXBuildFile; fileRef = C9BF7A25E7D0838898CA05F9 /* LiveActivityManager.swift */; };
		4E61FA8BAEA80134AE4A81AA /* MessageTimeline.swift in Sources */ = {isa = PBXBuildFile; fileRef = CB44123F1E65E8EDF3ECCD7D /* MessageTimeline.swift */; };
		502F81B0B4C060493C362D9B /* WSDecoderTests.swift in Sources */ = {isa = PBXBuildFile; fileRef = 9055D44A17015354AF51FA0D /* WSDecoderTests.swift */; };
		50617B9D37FD261CB97C93DF /* MiToast.swift in Sources */ = {isa = PBXBuildFile; fileRef = 0847A27D528AA744B3A8C6E6 /* MiToast.swift */; };
		532CCC78DC030F41D8724B45 /* RawEventView.swift in Sources */ = {isa = PBXBuildFile; fileRef = 3F6C0CCD921DD31844147DD1 /* RawEventView.swift */; };
		55323E2FB9262C753B8975CF /* ArtifactsTypes.swift in Sources */ = {isa = PBXBuildFile; fileRef = 88CD5B8CE69F815DFEB79DD7 /* ArtifactsTypes.swift */; };
		5C41EF8843347D75659A9848 /* SessionSyncAttributes.swift in Sources */ = {isa = PBXBuildFile; fileRef = 6924FB55309725BC61D2EFC6 /* SessionSyncAttributes.swift */; };
		5C5A5B691674D5C2586AC2B8 /* BusEventPayload.swift in Sources */ = {isa = PBXBuildFile; fileRef = 04233DD6CB2E23B6F17BC0F7 /* BusEventPayload.swift */; };
		5E20ED8798629D34C9E16FBF /* MiButton.swift in Sources */ = {isa = PBXBuildFile; fileRef = 35ED45B0E7CB9526C469471D /* MiButton.swift */; };
		65AA0F610CDB4B67B39B53C9 /* MWTypography.swift in Sources */ = {isa = PBXBuildFile; fileRef = D79C91C976F9F764AF38DA9E /* MWTypography.swift */; };
		6791ED1049A4C99EC0895E03 /* ConnectionListView.swift in Sources */ = {isa = PBXBuildFile; fileRef = 90961D2A1D3E576400FBA90D /* ConnectionListView.swift */; };
		6D5D0695AC0106DB652AD62F /* MiWarpMascotStatusView.swift in Sources */ = {isa = PBXBuildFile; fileRef = 971D14568DAB22776BF82929 /* MiWarpMascotStatusView.swift */; };
		6F33528D57DF25214FBCA7D0 /* MiWarpEventReducerTests.swift in Sources */ = {isa = PBXBuildFile; fileRef = 0DA8BA470842A000FEC94F8B /* MiWarpEventReducerTests.swift */; };
		6F565ED315DFAAAD6CC80C6D /* ChatView.swift in Sources */ = {isa = PBXBuildFile; fileRef = C0E65980CBFDCE0641A89EB6 /* ChatView.swift */; };
		7D59A7D113E7D788FD144F5B /* AnyCodable.swift in Sources */ = {isa = PBXBuildFile; fileRef = 1EA791B89EAFA4BC71CC39FB /* AnyCodable.swift */; };
		7DC855A13042AD2CDAEEFD9F /* MiStatusBadge.swift in Sources */ = {isa = PBXBuildFile; fileRef = CC023F492DC3290A28A9FDDC /* MiStatusBadge.swift */; };
		8208571575CB75CC6C1C887D /* LiveActivityDeepLink.swift in Sources */ = {isa = PBXBuildFile; fileRef = 289D60E42DA65D8A062D44C8 /* LiveActivityDeepLink.swift */; };
		846147A25B80E7CC8D8A16E4 /* DynamicIslandCompactView.swift in Sources */ = {isa = PBXBuildFile; fileRef = AB91D75D1E3DED1FDD2B7FAF /* DynamicIslandCompactView.swift */; };
		8596C192F5387F95BC0D5D4B /* Localizable.strings in Resources */ = {isa = PBXBuildFile; fileRef = 3075C556F52C2FD20105C508 /* Localizable.strings */; };
		86D91CBD7F97298002F6F266 /* MWSurfaces.swift in Sources */ = {isa = PBXBuildFile; fileRef = 7BAC68C657A83B1279AD9D4B /* MWSurfaces.swift */; };
		8C469F2748D6D72D5BEB4DF2 /* MWColors.swift in Sources */ = {isa = PBXBuildFile; fileRef = 24865EBC18A08682F72F290F /* MWColors.swift */; };
		964055011DC44AC873414CBD /* HomeDashboardView.swift in Sources */ = {isa = PBXBuildFile; fileRef = B4DFFFE44FA98BC61075F266 /* HomeDashboardView.swift */; };
		983A9AB35CD6E7CDF9D45406 /* AgentAnimationView.swift in Sources */ = {isa = PBXBuildFile; fileRef = 63865B2A8BD3CB5612321314 /* AgentAnimationView.swift */; };
		99564639DADDA42A04DFD034 /* ConnectionTypes.swift in Sources */ = {isa = PBXBuildFile; fileRef = B6E35472050BA2FDAA5E3105 /* ConnectionTypes.swift */; };
		9B288F274A622D202EA9133D /* SessionHubView.swift in Sources */ = {isa = PBXBuildFile; fileRef = 6A5CFCDC3786BC4196BFD619 /* SessionHubView.swift */; };
		9B7553C9DBADE58F73135C62 /* WSDecoder.swift in Sources */ = {isa = PBXBuildFile; fileRef = 6F6163676BFC204C4F308241 /* WSDecoder.swift */; };
		9F68D435041284B0EEFB5CF4 /* BusEvent.swift in Sources */ = {isa = PBXBuildFile; fileRef = 7014BA97A76B846B0568CF66 /* BusEvent.swift */; };
		A210B494EBB75AB16812621E /* MessageListView.swift in Sources */ = {isa = PBXBuildFile; fileRef = 4F9476AE56F033A24CF340F5 /* MessageListView.swift */; };
		A414F0631348A2922BB4F8DB /* ProtocolTypesTests.swift in Sources */ = {isa = PBXBuildFile; fileRef = 1CC46C9E1025849BE9E26DEB /* ProtocolTypesTests.swift */; };
		A5BBE889D03AB2D6A4C7AD34 /* PairingView.swift in Sources */ = {isa = PBXBuildFile; fileRef = B3FAA7EA2B1B6F88F3FCE898 /* PairingView.swift */; };
		A770A9BD443BABE25EA1AB90 /* MiWarpChunkAssembler.swift in Sources */ = {isa = PBXBuildFile; fileRef = FE9568B9BF88ACFCA874FF8A /* MiWarpChunkAssembler.swift */; };
		AE787F9A8B3C39AE4FE32D73 /* MiWarpRingProgressView.swift in Sources */ = {isa = PBXBuildFile; fileRef = DA286401A9EB29439E2463FB /* MiWarpRingProgressView.swift */; };
		BAA01F64FC7CBA7D3FB3335C /* MWChatComponents.swift in Sources */ = {isa = PBXBuildFile; fileRef = 5DC5192AA236F19699470279 /* MWChatComponents.swift */; };
		BC2AC5D7B71C9844971627F8 /* LiveActivityPhase.swift in Sources */ = {isa = PBXBuildFile; fileRef = 581F007A6C36C77AC442C6DE /* LiveActivityPhase.swift */; };
		BC2B58DD168E738B9F5A1441 /* WidgetColorHelper.swift in Sources */ = {isa = PBXBuildFile; fileRef = F47EEC1D96137CACCBAD464D /* WidgetColorHelper.swift */; };
		BE5F1EC343D4B03C9592F828 /* MWInputBar.swift in Sources */ = {isa = PBXBuildFile; fileRef = 5872527890D5F334EB56B679 /* MWInputBar.swift */; };
		C06E5B0BB132229DF26920BF /* WebSocketMessages.swift in Sources */ = {isa = PBXBuildFile; fileRef = FB240CBF223178E5BB4A87D2 /* WebSocketMessages.swift */; };
		C0A5C03FAD0BF00E36BCDB2E /* MiWarpMobileApp.swift in Sources */ = {isa = PBXBuildFile; fileRef = 0C548D8CEFC934933FBECC65 /* MiWarpMobileApp.swift */; };
		C30281F01B6D385F5BA7EC50 /* LiveActivityDeepLink.swift in Sources */ = {isa = PBXBuildFile; fileRef = 289D60E42DA65D8A062D44C8 /* LiveActivityDeepLink.swift */; };
		C690D370F4B7ACF4794C8142 /* MiHaptics.swift in Sources */ = {isa = PBXBuildFile; fileRef = C89724A3D1278263E5AA1F70 /* MiHaptics.swift */; };
		C8AD52ABBB2A4580D98B5931 /* MiCard.swift in Sources */ = {isa = PBXBuildFile; fileRef = 90342A61C544D41E570C5081 /* MiCard.swift */; };
		C96972A01DA3558985C1A234 /* MWTheme.swift in Sources */ = {isa = PBXBuildFile; fileRef = 48092D2C4044F54B928D3A0D /* MWTheme.swift */; };
		CA9A8A1B4BCA33A6F3A09724 /* SessionSyncManager.swift in Sources */ = {isa = PBXBuildFile; fileRef = F919BE41E786BAA781AEABF7 /* SessionSyncManager.swift */; };
		CD91DA13794950E261A8B017 /* MWStatusViews.swift in Sources */ = {isa = PBXBuildFile; fileRef = 194269766BF8F9055F138881 /* MWStatusViews.swift */; };
		D1E575799D332A3B1C2FAEC8 /* MiWarpLiveActivityExtension.appex in Embed Foundation Extensions */ = {isa = PBXBuildFile; fileRef = BBC11E713D887C54BA4BE895 /* MiWarpLiveActivityExtension.appex */; settings = {ATTRIBUTES = (CodeSignOnCopy, RemoveHeadersOnCopy, ); }; };
		D322874B95C1F70377CF038D /* SessionSyncAttributes.swift in Sources */ = {isa = PBXBuildFile; fileRef = 6924FB55309725BC61D2EFC6 /* SessionSyncAttributes.swift */; };
		D51366EFE06EF97C6F3A666F /* MWAdaptiveLayout.swift in Sources */ = {isa = PBXBuildFile; fileRef = C531F74CCAF09BF7733D0EAA /* MWAdaptiveLayout.swift */; };
		DA3692C0666B9ADCAEE3784A /* SessionFiltersView.swift in Sources */ = {isa = PBXBuildFile; fileRef = 015D6770F2BF381E65357860 /* SessionFiltersView.swift */; };
		DA9BDFA699E6C93BBB381595 /* MiWarpWebSocketClient.swift in Sources */ = {isa = PBXBuildFile; fileRef = 74358DE064BFA91D37F88C20 /* MiWarpWebSocketClient.swift */; };
		DF80F90DE40672EAD5FE7C2A /* LockScreenActivityView.swift in Sources */ = {isa = PBXBuildFile; fileRef = 265E79FD01704F5BC71CA337 /* LockScreenActivityView.swift */; };
		DFA039E9FFE6D381AA863AD2 /* MiWarpEventReducer.swift in Sources */ = {isa = PBXBuildFile; fileRef = B85BC39AF301E61AA2D7BDDF /* MiWarpEventReducer.swift */; };
		E0B06E5921AF9E1101B60F79 /* RunTypes.swift in Sources */ = {isa = PBXBuildFile; fileRef = 3DF47D95524FBFB62813C67A /* RunTypes.swift */; };
		E15851B856698CE552D0AFE2 /* MiWarpLiveActivityWidget.swift in Sources */ = {isa = PBXBuildFile; fileRef = 55BE0C74BD5807AE4486B20D /* MiWarpLiveActivityWidget.swift */; };
		E44A7004D47A482177ACE948 /* MWFeedbackStates.swift in Sources */ = {isa = PBXBuildFile; fileRef = F76259B1C5AAF679C7F4405B /* MWFeedbackStates.swift */; };
		E7BAA4FD183D808345170009 /* LiveActivityDemoView.swift in Sources */ = {isa = PBXBuildFile; fileRef = C1355A6A96238DD857E69FC3 /* LiveActivityDemoView.swift */; };
		EDC05A83087EBF28F5B57293 /* MiSkeletonCard.swift in Sources */ = {isa = PBXBuildFile; fileRef = F3B6CFF086F2B15F06E25B5C /* MiSkeletonCard.swift */; };
		EF66979C3AF93B4763EC90D0 /* ShipSwiftMapping.md in Resources */ = {isa = PBXBuildFile; fileRef = FF0501BFB2484F712F24E6C5 /* ShipSwiftMapping.md */; };
		F3548BB4AFADF9DEE7A02006 /* MiMotion.swift in Sources */ = {isa = PBXBuildFile; fileRef = C115A23B9BD2EA0C247A5712 /* MiMotion.swift */; };
		F4EC3C0A42C3DA0D397A2F3F /* MiWarpKeychain.swift in Sources */ = {isa = PBXBuildFile; fileRef = 9737E58B096F2A6DFBA00DFA /* MiWarpKeychain.swift */; };
		F5F0A72D1CAB2E5EF9B8E645 /* LiveActivityPhase.swift in Sources */ = {isa = PBXBuildFile; fileRef = 581F007A6C36C77AC442C6DE /* LiveActivityPhase.swift */; };
		F7CF929F1EFE1949D3454914 /* ComposerBar.swift in Sources */ = {isa = PBXBuildFile; fileRef = 860C979A1DD29976CD3E50E2 /* ComposerBar.swift */; };
		F825B3991614B8E8E749684F /* MiWarpChunkAssemblerTests.swift in Sources */ = {isa = PBXBuildFile; fileRef = 977C89CBF4DC2F688E6FEBFC /* MiWarpChunkAssemblerTests.swift */; };
		FCCCC4792AEF4E33B3F92E1D /* MiWarpConnectionStore.swift in Sources */ = {isa = PBXBuildFile; fileRef = 6A0B57EF75232E7CBDA97B0D /* MiWarpConnectionStore.swift */; };
		FE7765B8799D45D7EF4E3626 /* ChatInputBar.swift in Sources */ = {isa = PBXBuildFile; fileRef = 096DDAC3E0FF81650A464E57 /* ChatInputBar.swift */; };
		FF74399ED1C01B31C2F23AA3 /* MiProgressRing.swift in Sources */ = {isa = PBXBuildFile; fileRef = A99104AB07D2C160BC1D2607 /* MiProgressRing.swift */; };
/* End PBXBuildFile section */

/* Begin PBXContainerItemProxy section */
		66173BA5660FD6CCC9529765 /* PBXContainerItemProxy */ = {
			isa = PBXContainerItemProxy;
			containerPortal = 11F491C32C81F5DD954CCFEB /* Project object */;
			proxyType = 1;
			remoteGlobalIDString = 18675E3B9E2E005D4F2E1C61;
			remoteInfo = MiWarpLiveActivityExtension;
		};
		BBDC538639712C2B84CF9940 /* PBXContainerItemProxy */ = {
			isa = PBXContainerItemProxy;
			containerPortal = 11F491C32C81F5DD954CCFEB /* Project object */;
			proxyType = 1;
			remoteGlobalIDString = F8E7E71355059B3247A86C55;
			remoteInfo = MiWarpMobile;
		};
/* End PBXContainerItemProxy section */

/* Begin PBXCopyFilesBuildPhase section */
		B6C9C80EC3DB140BC0189653 /* Embed Foundation Extensions */ = {
			isa = PBXCopyFilesBuildPhase;
			buildActionMask = 2147483647;
			dstPath = "";
			dstSubfolderSpec = 13;
			files = (
				D1E575799D332A3B1C2FAEC8 /* MiWarpLiveActivityExtension.appex in Embed Foundation Extensions */,
			);
			name = "Embed Foundation Extensions";
			runOnlyForDeploymentPostprocessing = 0;
		};
/* End PBXCopyFilesBuildPhase section */

/* Begin PBXFileReference section */
		015D6770F2BF381E65357860 /* SessionFiltersView.swift */ = {isa = PBXFileReference; lastKnownFileType = sourcecode.swift; path = SessionFiltersView.swift; sourceTree = "<group>"; };
		0357B8FA940E87F3AFEE4019 /* QRScannerView.swift */ = {isa = PBXFileReference; lastKnownFileType = sourcecode.swift; path = QRScannerView.swift; sourceTree = "<group>"; };
		04233DD6CB2E23B6F17BC0F7 /* BusEventPayload.swift */ = {isa = PBXFileReference; lastKnownFileType = sourcecode.swift; path = BusEventPayload.swift; sourceTree = "<group>"; };
		0847A27D528AA744B3A8C6E6 /* MiToast.swift */ = {isa = PBXFileReference; lastKnownFileType = sourcecode.swift; path = MiToast.swift; sourceTree = "<group>"; };
		096DDAC3E0FF81650A464E57 /* ChatInputBar.swift */ = {isa = PBXFileReference; lastKnownFileType = sourcecode.swift; path = ChatInputBar.swift; sourceTree = "<group>"; };
		0C548D8CEFC934933FBECC65 /* MiWarpMobileApp.swift */ = {isa = PBXFileReference; lastKnownFileType = sourcecode.swift; path = MiWarpMobileApp.swift; sourceTree = "<group>"; };
		0DA8BA470842A000FEC94F8B /* MiWarpEventReducerTests.swift */ = {isa = PBXFileReference; lastKnownFileType = sourcecode.swift; path = MiWarpEventReducerTests.swift; sourceTree = "<group>"; };
		13FD0A824F6DD907EBAAB727 /* MiWarpLiveActivityExtension.entitlements */ = {isa = PBXFileReference; lastKnownFileType = text.plist.entitlements; path = MiWarpLiveActivityExtension.entitlements; sourceTree = "<group>"; };
		194269766BF8F9055F138881 /* MWStatusViews.swift */ = {isa = PBXFileReference; lastKnownFileType = sourcecode.swift; path = MWStatusViews.swift; sourceTree = "<group>"; };
		1BDC398FA44E521237508ED9 /* MobileSettingsView.swift */ = {isa = PBXFileReference; lastKnownFileType = sourcecode.swift; path = MobileSettingsView.swift; sourceTree = "<group>"; };
		1CC46C9E1025849BE9E26DEB /* ProtocolTypesTests.swift */ = {isa = PBXFileReference; lastKnownFileType = sourcecode.swift; path = ProtocolTypesTests.swift; sourceTree = "<group>"; };
		1EA791B89EAFA4BC71CC39FB /* AnyCodable.swift */ = {isa = PBXFileReference; lastKnownFileType = sourcecode.swift; path = AnyCodable.swift; sourceTree = "<group>"; };
		218378B6F9F53E2E224481E7 /* Info.plist */ = {isa = PBXFileReference; lastKnownFileType = text.plist; path = Info.plist; sourceTree = "<group>"; };
		24865EBC18A08682F72F290F /* MWColors.swift */ = {isa = PBXFileReference; lastKnownFileType = sourcecode.swift; path = MWColors.swift; sourceTree = "<group>"; };
		251C0C6808F6AE962B5773BF /* DynamicIslandExpandedView.swift */ = {isa = PBXFileReference; lastKnownFileType = sourcecode.swift; path = DynamicIslandExpandedView.swift; sourceTree = "<group>"; };
		265E79FD01704F5BC71CA337 /* LockScreenActivityView.swift */ = {isa = PBXFileReference; lastKnownFileType = sourcecode.swift; path = LockScreenActivityView.swift; sourceTree = "<group>"; };
		289D60E42DA65D8A062D44C8 /* LiveActivityDeepLink.swift */ = {isa = PBXFileReference; lastKnownFileType = sourcecode.swift; path = LiveActivityDeepLink.swift; sourceTree = "<group>"; };
		35ED45B0E7CB9526C469471D /* MiButton.swift */ = {isa = PBXFileReference; lastKnownFileType = sourcecode.swift; path = MiButton.swift; sourceTree = "<group>"; };
		3DF47D95524FBFB62813C67A /* RunTypes.swift */ = {isa = PBXFileReference; lastKnownFileType = sourcecode.swift; path = RunTypes.swift; sourceTree = "<group>"; };
		3EF42EA4D95E49A3EE8DFCE5 /* MiWarpLogger.swift */ = {isa = PBXFileReference; lastKnownFileType = sourcecode.swift; path = MiWarpLogger.swift; sourceTree = "<group>"; };
		3F6C0CCD921DD31844147DD1 /* RawEventView.swift */ = {isa = PBXFileReference; lastKnownFileType = sourcecode.swift; path = RawEventView.swift; sourceTree = "<group>"; };
		48092D2C4044F54B928D3A0D /* MWTheme.swift */ = {isa = PBXFileReference; lastKnownFileType = sourcecode.swift; path = MWTheme.swift; sourceTree = "<group>"; };
		4B1DCF41ACAE15D5F981C412 /* en */ = {isa = PBXFileReference; lastKnownFileType = text.plist.strings; name = en; path = en.lproj/Localizable.strings; sourceTree = "<group>"; };
		4F9476AE56F033A24CF340F5 /* MessageListView.swift */ = {isa = PBXFileReference; lastKnownFileType = sourcecode.swift; path = MessageListView.swift; sourceTree = "<group>"; };
		55BE0C74BD5807AE4486B20D /* MiWarpLiveActivityWidget.swift */ = {isa = PBXFileReference; lastKnownFileType = sourcecode.swift; path = MiWarpLiveActivityWidget.swift; sourceTree = "<group>"; };
		581F007A6C36C77AC442C6DE /* LiveActivityPhase.swift */ = {isa = PBXFileReference; lastKnownFileType = sourcecode.swift; path = LiveActivityPhase.swift; sourceTree = "<group>"; };
		582462DD41026975764CB27B /* AgentTaskAttributes.swift */ = {isa = PBXFileReference; lastKnownFileType = sourcecode.swift; path = AgentTaskAttributes.swift; sourceTree = "<group>"; };
		5872527890D5F334EB56B679 /* MWInputBar.swift */ = {isa = PBXFileReference; lastKnownFileType = sourcecode.swift; path = MWInputBar.swift; sourceTree = "<group>"; };
		5DC5192AA236F19699470279 /* MWChatComponents.swift */ = {isa = PBXFileReference; lastKnownFileType = sourcecode.swift; path = MWChatComponents.swift; sourceTree = "<group>"; };
		63865B2A8BD3CB5612321314 /* AgentAnimationView.swift */ = {isa = PBXFileReference; lastKnownFileType = sourcecode.swift; path = AgentAnimationView.swift; sourceTree = "<group>"; };
		64526B69FA3F302F90E918A2 /* Assets.xcassets */ = {isa = PBXFileReference; lastKnownFileType = folder.assetcatalog; path = Assets.xcassets; sourceTree = "<group>"; };
		656F809295E8CC07CB44BF0F /* MascotState.swift */ = {isa = PBXFileReference; lastKnownFileType = sourcecode.swift; path = MascotState.swift; sourceTree = "<group>"; };
		6924FB55309725BC61D2EFC6 /* SessionSyncAttributes.swift */ = {isa = PBXFileReference; lastKnownFileType = sourcecode.swift; path = SessionSyncAttributes.swift; sourceTree = "<group>"; };
		6A0B57EF75232E7CBDA97B0D /* MiWarpConnectionStore.swift */ = {isa = PBXFileReference; lastKnownFileType = sourcecode.swift; path = MiWarpConnectionStore.swift; sourceTree = "<group>"; };
		6A5CFCDC3786BC4196BFD619 /* SessionHubView.swift */ = {isa = PBXFileReference; lastKnownFileType = sourcecode.swift; path = SessionHubView.swift; sourceTree = "<group>"; };
		6F6163676BFC204C4F308241 /* WSDecoder.swift */ = {isa = PBXFileReference; lastKnownFileType = sourcecode.swift; path = WSDecoder.swift; sourceTree = "<group>"; };
		7014BA97A76B846B0568CF66 /* BusEvent.swift */ = {isa = PBXFileReference; lastKnownFileType = sourcecode.swift; path = BusEvent.swift; sourceTree = "<group>"; };
		74358DE064BFA91D37F88C20 /* MiWarpWebSocketClient.swift */ = {isa = PBXFileReference; lastKnownFileType = sourcecode.swift; path = MiWarpWebSocketClient.swift; sourceTree = "<group>"; };
		7985AEBA9004F16FCC63F390 /* AgentSyncManager.swift */ = {isa = PBXFileReference; lastKnownFileType = sourcecode.swift; path = AgentSyncManager.swift; sourceTree = "<group>"; };
		7BAC68C657A83B1279AD9D4B /* MWSurfaces.swift */ = {isa = PBXFileReference; lastKnownFileType = sourcecode.swift; path = MWSurfaces.swift; sourceTree = "<group>"; };
		7D742D8D4555058B5334AFE6 /* zh-Hans */ = {isa = PBXFileReference; lastKnownFileType = text.plist.strings; name = "zh-Hans"; path = "zh-Hans.lproj/Localizable.strings"; sourceTree = "<group>"; };
		836AB5B2809FBBC41DB1D5F2 /* SpotlightIndexer.swift */ = {isa = PBXFileReference; lastKnownFileType = sourcecode.swift; path = SpotlightIndexer.swift; sourceTree = "<group>"; };
		860C979A1DD29976CD3E50E2 /* ComposerBar.swift */ = {isa = PBXFileReference; lastKnownFileType = sourcecode.swift; path = ComposerBar.swift; sourceTree = "<group>"; };
		8701350F5DF21D23BB18EE1E /* Info.plist */ = {isa = PBXFileReference; lastKnownFileType = text.plist; path = Info.plist; sourceTree = "<group>"; };
		87A3AF41B54A7D4AF4EF7B78 /* MiWarpRPC.swift */ = {isa = PBXFileReference; lastKnownFileType = sourcecode.swift; path = MiWarpRPC.swift; sourceTree = "<group>"; };
		88CD5B8CE69F815DFEB79DD7 /* ArtifactsTypes.swift */ = {isa = PBXFileReference; lastKnownFileType = sourcecode.swift; path = ArtifactsTypes.swift; sourceTree = "<group>"; };
		8F1A39C53F04606153E1C20B /* zh-Hans */ = {isa = PBXFileReference; lastKnownFileType = text.plist.strings; name = "zh-Hans"; path = "zh-Hans.lproj/Localizable.strings"; sourceTree = "<group>"; };
		90342A61C544D41E570C5081 /* MiCard.swift */ = {isa = PBXFileReference; lastKnownFileType = sourcecode.swift; path = MiCard.swift; sourceTree = "<group>"; };
		9055D44A17015354AF51FA0D /* WSDecoderTests.swift */ = {isa = PBXFileReference; lastKnownFileType = sourcecode.swift; path = WSDecoderTests.swift; sourceTree = "<group>"; };
		90961D2A1D3E576400FBA90D /* ConnectionListView.swift */ = {isa = PBXFileReference; lastKnownFileType = sourcecode.swift; path = ConnectionListView.swift; sourceTree = "<group>"; };
		971D14568DAB22776BF82929 /* MiWarpMascotStatusView.swift */ = {isa = PBXFileReference; lastKnownFileType = sourcecode.swift; path = MiWarpMascotStatusView.swift; sourceTree = "<group>"; };
		9737E58B096F2A6DFBA00DFA /* MiWarpKeychain.swift */ = {isa = PBXFileReference; lastKnownFileType = sourcecode.swift; path = MiWarpKeychain.swift; sourceTree = "<group>"; };
		977C89CBF4DC2F688E6FEBFC /* MiWarpChunkAssemblerTests.swift */ = {isa = PBXFileReference; lastKnownFileType = sourcecode.swift; path = MiWarpChunkAssemblerTests.swift; sourceTree = "<group>"; };
		9AFC39E7EC252A84AB6C8F9B /* MWSizeUtilities.swift */ = {isa = PBXFileReference; lastKnownFileType = sourcecode.swift; path = MWSizeUtilities.swift; sourceTree = "<group>"; };
		A99104AB07D2C160BC1D2607 /* MiProgressRing.swift */ = {isa = PBXFileReference; lastKnownFileType = sourcecode.swift; path = MiProgressRing.swift; sourceTree = "<group>"; };
		AB91D75D1E3DED1FDD2B7FAF /* DynamicIslandCompactView.swift */ = {isa = PBXFileReference; lastKnownFileType = sourcecode.swift; path = DynamicIslandCompactView.swift; sourceTree = "<group>"; };
		B3FAA7EA2B1B6F88F3FCE898 /* PairingView.swift */ = {isa = PBXFileReference; lastKnownFileType = sourcecode.swift; path = PairingView.swift; sourceTree = "<group>"; };
		B46B5DCA6CF7C80E4626D47A /* Info.plist */ = {isa = PBXFileReference; lastKnownFileType = text.plist; path = Info.plist; sourceTree = "<group>"; };
		B4DFFFE44FA98BC61075F266 /* HomeDashboardView.swift */ = {isa = PBXFileReference; lastKnownFileType = sourcecode.swift; path = HomeDashboardView.swift; sourceTree = "<group>"; };
		B6E35472050BA2FDAA5E3105 /* ConnectionTypes.swift */ = {isa = PBXFileReference; lastKnownFileType = sourcecode.swift; path = ConnectionTypes.swift; sourceTree = "<group>"; };
		B85BC39AF301E61AA2D7BDDF /* MiWarpEventReducer.swift */ = {isa = PBXFileReference; lastKnownFileType = sourcecode.swift; path = MiWarpEventReducer.swift; sourceTree = "<group>"; };
		B9EBC6E7E1C3A6687A1AC5BD /* AppRouter.swift */ = {isa = PBXFileReference; lastKnownFileType = sourcecode.swift; path = AppRouter.swift; sourceTree = "<group>"; };
		BBC11E713D887C54BA4BE895 /* MiWarpLiveActivityExtension.appex */ = {isa = PBXFileReference; includeInIndex = 0; lastKnownFileType = "wrapper.app-extension"; path = MiWarpLiveActivityExtension.appex; sourceTree = BUILT_PRODUCTS_DIR; };
		BDFAFD6DD96630C2562FBFDE /* MiWarpMobileTests.xctest */ = {isa = PBXFileReference; includeInIndex = 0; lastKnownFileType = wrapper.cfbundle; path = MiWarpMobileTests.xctest; sourceTree = BUILT_PRODUCTS_DIR; };
		C0E65980CBFDCE0641A89EB6 /* ChatView.swift */ = {isa = PBXFileReference; lastKnownFileType = sourcecode.swift; path = ChatView.swift; sourceTree = "<group>"; };
		C115A23B9BD2EA0C247A5712 /* MiMotion.swift */ = {isa = PBXFileReference; lastKnownFileType = sourcecode.swift; path = MiMotion.swift; sourceTree = "<group>"; };
		C1355A6A96238DD857E69FC3 /* LiveActivityDemoView.swift */ = {isa = PBXFileReference; lastKnownFileType = sourcecode.swift; path = LiveActivityDemoView.swift; sourceTree = "<group>"; };
		C531F74CCAF09BF7733D0EAA /* MWAdaptiveLayout.swift */ = {isa = PBXFileReference; lastKnownFileType = sourcecode.swift; path = MWAdaptiveLayout.swift; sourceTree = "<group>"; };
		C664FD00C805F710AB2CB298 /* MiWarpMobile.app */ = {isa = PBXFileReference; includeInIndex = 0; lastKnownFileType = wrapper.application; path = MiWarpMobile.app; sourceTree = BUILT_PRODUCTS_DIR; };
		C89724A3D1278263E5AA1F70 /* MiHaptics.swift */ = {isa = PBXFileReference; lastKnownFileType = sourcecode.swift; path = MiHaptics.swift; sourceTree = "<group>"; };
		C9BF7A25E7D0838898CA05F9 /* LiveActivityManager.swift */ = {isa = PBXFileReference; lastKnownFileType = sourcecode.swift; path = LiveActivityManager.swift; sourceTree = "<group>"; };
		CB44123F1E65E8EDF3ECCD7D /* MessageTimeline.swift */ = {isa = PBXFileReference; lastKnownFileType = sourcecode.swift; path = MessageTimeline.swift; sourceTree = "<group>"; };
		CC023F492DC3290A28A9FDDC /* MiStatusBadge.swift */ = {isa = PBXFileReference; lastKnownFileType = sourcecode.swift; path = MiStatusBadge.swift; sourceTree = "<group>"; };
		D79C91C976F9F764AF38DA9E /* MWTypography.swift */ = {isa = PBXFileReference; lastKnownFileType = sourcecode.swift; path = MWTypography.swift; sourceTree = "<group>"; };
		D86348B9DC8374F8A7B3688E /* ArtifactsView.swift */ = {isa = PBXFileReference; lastKnownFileType = sourcecode.swift; path = ArtifactsView.swift; sourceTree = "<group>"; };
		DA286401A9EB29439E2463FB /* MiWarpRingProgressView.swift */ = {isa = PBXFileReference; lastKnownFileType = sourcecode.swift; path = MiWarpRingProgressView.swift; sourceTree = "<group>"; };
		E8701BA21C370F669D2E2790 /* en */ = {isa = PBXFileReference; lastKnownFileType = text.plist.strings; name = en; path = en.lproj/Localizable.strings; sourceTree = "<group>"; };
		EFF61283EBAE28E6191391DB /* ChatViewModel.swift */ = {isa = PBXFileReference; lastKnownFileType = sourcecode.swift; path = ChatViewModel.swift; sourceTree = "<group>"; };
		F023646BC636346DDF4C6A25 /* MiWarpActivityAvatarRing.swift */ = {isa = PBXFileReference; lastKnownFileType = sourcecode.swift; path = MiWarpActivityAvatarRing.swift; sourceTree = "<group>"; };
		F0F107680AD38109AD258F79 /* DiffPreviewView.swift */ = {isa = PBXFileReference; lastKnownFileType = sourcecode.swift; path = DiffPreviewView.swift; sourceTree = "<group>"; };
		F3B6CFF086F2B15F06E25B5C /* MiSkeletonCard.swift */ = {isa = PBXFileReference; lastKnownFileType = sourcecode.swift; path = MiSkeletonCard.swift; sourceTree = "<group>"; };
		F47EEC1D96137CACCBAD464D /* WidgetColorHelper.swift */ = {isa = PBXFileReference; lastKnownFileType = sourcecode.swift; path = WidgetColorHelper.swift; sourceTree = "<group>"; };
		F56164434961DBAFF3086CE8 /* MiWarpMobile.entitlements */ = {isa = PBXFileReference; lastKnownFileType = text.plist.entitlements; path = MiWarpMobile.entitlements; sourceTree = "<group>"; };
		F76259B1C5AAF679C7F4405B /* MWFeedbackStates.swift */ = {isa = PBXFileReference; lastKnownFileType = sourcecode.swift; path = MWFeedbackStates.swift; sourceTree = "<group>"; };
		F919BE41E786BAA781AEABF7 /* SessionSyncManager.swift */ = {isa = PBXFileReference; lastKnownFileType = sourcecode.swift; path = SessionSyncManager.swift; sourceTree = "<group>"; };
		FB240CBF223178E5BB4A87D2 /* WebSocketMessages.swift */ = {isa = PBXFileReference; lastKnownFileType = sourcecode.swift; path = WebSocketMessages.swift; sourceTree = "<group>"; };
		FE9568B9BF88ACFCA874FF8A /* MiWarpChunkAssembler.swift */ = {isa = PBXFileReference; lastKnownFileType = sourcecode.swift; path = MiWarpChunkAssembler.swift; sourceTree = "<group>"; };
		FF0501BFB2484F712F24E6C5 /* ShipSwiftMapping.md */ = {isa = PBXFileReference; lastKnownFileType = net.daringfireball.markdown; path = ShipSwiftMapping.md; sourceTree = "<group>"; };
/* End PBXFileReference section */

/* Begin PBXGroup section */
		06B3F40200C9628F9C51930E /* Core */ = {
			isa = PBXGroup;
			children = (
				1EA791B89EAFA4BC71CC39FB /* AnyCodable.swift */,
				88CD5B8CE69F815DFEB79DD7 /* ArtifactsTypes.swift */,
				7014BA97A76B846B0568CF66 /* BusEvent.swift */,
				04233DD6CB2E23B6F17BC0F7 /* BusEventPayload.swift */,
				B6E35472050BA2FDAA5E3105 /* ConnectionTypes.swift */,
				FE9568B9BF88ACFCA874FF8A /* MiWarpChunkAssembler.swift */,
				6A0B57EF75232E7CBDA97B0D /* MiWarpConnectionStore.swift */,
				B85BC39AF301E61AA2D7BDDF /* MiWarpEventReducer.swift */,
				9737E58B096F2A6DFBA00DFA /* MiWarpKeychain.swift */,
				3EF42EA4D95E49A3EE8DFCE5 /* MiWarpLogger.swift */,
				87A3AF41B54A7D4AF4EF7B78 /* MiWarpRPC.swift */,
				74358DE064BFA91D37F88C20 /* MiWarpWebSocketClient.swift */,
				3DF47D95524FBFB62813C67A /* RunTypes.swift */,
				836AB5B2809FBBC41DB1D5F2 /* SpotlightIndexer.swift */,
				FB240CBF223178E5BB4A87D2 /* WebSocketMessages.swift */,
				6F6163676BFC204C4F308241 /* WSDecoder.swift */,
			);
			path = Core;
			sourceTree = "<group>";
		};
		163F45701E2F742BB8BADCF3 /* LiveActivities */ = {
			isa = PBXGroup;
			children = (
				FFA972AFDAFA81B5AFF86F13 /* Attributes */,
				E0CF79B9130171F7A14B3593 /* DeepLink */,
				938196512E1A210E6EFE7F3E /* Manager */,
				330EAB1C893C847B1B2FF720 /* Models */,
			);
			path = LiveActivities;
			sourceTree = "<group>";
		};
		1DB9B8F84F7FDA2C3BF3FB4E /* Artifacts */ = {
			isa = PBXGroup;
			children = (
				D86348B9DC8374F8A7B3688E /* ArtifactsView.swift */,
				F0F107680AD38109AD258F79 /* DiffPreviewView.swift */,
			);
			path = Artifacts;
			sourceTree = "<group>";
		};
		21B9443E7ADA0E66BC51EC45 = {
			isa = PBXGroup;
			children = (
				30878D2DB939D8658DD6345C /* MiWarpLiveActivityExtension */,
				22BD8ACE83181FFD864F28B1 /* MiWarpMobile */,
				38A09A1F5946842668AF1240 /* MiWarpMobileTests */,
				DEECF2C198EF49DF81D17E61 /* Products */,
			);
			sourceTree = "<group>";
		};
		22BD8ACE83181FFD864F28B1 /* MiWarpMobile */ = {
			isa = PBXGroup;
			children = (
				3F298A52E1516DD55DDBFBB1 /* App */,
				06B3F40200C9628F9C51930E /* Core */,
				DC54AFBAC9418EB17B2FAEE5 /* DesignSystem */,
				B8B851F80CFCF7DD00AD8922 /* Features */,
				163F45701E2F742BB8BADCF3 /* LiveActivities */,
				FFF295E37EFF54B540E122AE /* Resources */,
			);
			path = MiWarpMobile;
			sourceTree = "<group>";
		};
		24AF3124837C76261FC5D87D /* Animation */ = {
			isa = PBXGroup;
			children = (
				63865B2A8BD3CB5612321314 /* AgentAnimationView.swift */,
			);
			path = Animation;
			sourceTree = "<group>";
		};
		277250C613ABE343960E9E51 /* Components */ = {
			isa = PBXGroup;
			children = (
				35ED45B0E7CB9526C469471D /* MiButton.swift */,
				90342A61C544D41E570C5081 /* MiCard.swift */,
				A99104AB07D2C160BC1D2607 /* MiProgressRing.swift */,
				CC023F492DC3290A28A9FDDC /* MiStatusBadge.swift */,
			);
			path = Components;
			sourceTree = "<group>";
		};
		30878D2DB939D8658DD6345C /* MiWarpLiveActivityExtension */ = {
			isa = PBXGroup;
			children = (
				B46B5DCA6CF7C80E4626D47A /* Info.plist */,
				13FD0A824F6DD907EBAAB727 /* MiWarpLiveActivityExtension.entitlements */,
				55BE0C74BD5807AE4486B20D /* MiWarpLiveActivityWidget.swift */,
				19277AFC949508765C8A8E4D /* Localizable.strings */,
				D0E3CC0DD17B106C782AC247 /* Views */,
			);
			path = MiWarpLiveActivityExtension;
			sourceTree = "<group>";
		};
		330EAB1C893C847B1B2FF720 /* Models */ = {
			isa = PBXGroup;
			children = (
				581F007A6C36C77AC442C6DE /* LiveActivityPhase.swift */,
				656F809295E8CC07CB44BF0F /* MascotState.swift */,
			);
			name = Models;
			path = Models;
			sourceTree = "<group>";
		};
		33AB1082DACA30D4AA8D73F3 /* Feedback */ = {
			isa = PBXGroup;
			children = (
				C89724A3D1278263E5AA1F70 /* MiHaptics.swift */,
				0847A27D528AA744B3A8C6E6 /* MiToast.swift */,
			);
			path = Feedback;
			sourceTree = "<group>";
		};
		38A09A1F5946842668AF1240 /* MiWarpMobileTests */ = {
			isa = PBXGroup;
			children = (
				8701350F5DF21D23BB18EE1E /* Info.plist */,
				977C89CBF4DC2F688E6FEBFC /* MiWarpChunkAssemblerTests.swift */,
				0DA8BA470842A000FEC94F8B /* MiWarpEventReducerTests.swift */,
				1CC46C9E1025849BE9E26DEB /* ProtocolTypesTests.swift */,
				9055D44A17015354AF51FA0D /* WSDecoderTests.swift */,
			);
			path = MiWarpMobileTests;
			sourceTree = "<group>";
		};
		3F298A52E1516DD55DDBFBB1 /* App */ = {
			isa = PBXGroup;
			children = (
				B9EBC6E7E1C3A6687A1AC5BD /* AppRouter.swift */,
				0C548D8CEFC934933FBECC65 /* MiWarpMobileApp.swift */,
			);
			path = App;
			sourceTree = "<group>";
		};
		3F52C0FF37077763624EE8E4 /* Motion */ = {
			isa = PBXGroup;
			children = (
				C115A23B9BD2EA0C247A5712 /* MiMotion.swift */,
			);
			path = Motion;
			sourceTree = "<group>";
		};
		437C4B79688DD86A7C7CCE5D /* Pairing */ = {
			isa = PBXGroup;
			children = (
				90961D2A1D3E576400FBA90D /* ConnectionListView.swift */,
				B3FAA7EA2B1B6F88F3FCE898 /* PairingView.swift */,
				0357B8FA940E87F3AFEE4019 /* QRScannerView.swift */,
			);
			path = Pairing;
			sourceTree = "<group>";
		};
		4E8627887DB2A06C5DDC1C58 /* Settings */ = {
			isa = PBXGroup;
			children = (
				C1355A6A96238DD857E69FC3 /* LiveActivityDemoView.swift */,
				1BDC398FA44E521237508ED9 /* MobileSettingsView.swift */,
			);
			path = Settings;
			sourceTree = "<group>";
		};
		6A4E33DD8A32F84C3E4B0112 /* Sessions */ = {
			isa = PBXGroup;
			children = (
				015D6770F2BF381E65357860 /* SessionFiltersView.swift */,
				6A5CFCDC3786BC4196BFD619 /* SessionHubView.swift */,
			);
			path = Sessions;
			sourceTree = "<group>";
		};
		90FF8A3EAF6BDC69F7056862 /* Chat */ = {
			isa = PBXGroup;
			children = (
				096DDAC3E0FF81650A464E57 /* ChatInputBar.swift */,
				C0E65980CBFDCE0641A89EB6 /* ChatView.swift */,
				EFF61283EBAE28E6191391DB /* ChatViewModel.swift */,
				860C979A1DD29976CD3E50E2 /* ComposerBar.swift */,
				4F9476AE56F033A24CF340F5 /* MessageListView.swift */,
				CB44123F1E65E8EDF3ECCD7D /* MessageTimeline.swift */,
				3F6C0CCD921DD31844147DD1 /* RawEventView.swift */,
			);
			path = Chat;
			sourceTree = "<group>";
		};
		938196512E1A210E6EFE7F3E /* Manager */ = {
			isa = PBXGroup;
			children = (
				7985AEBA9004F16FCC63F390 /* AgentSyncManager.swift */,
				C9BF7A25E7D0838898CA05F9 /* LiveActivityManager.swift */,
				F919BE41E786BAA781AEABF7 /* SessionSyncManager.swift */,
			);
			path = Manager;
			sourceTree = "<group>";
		};
		B8B851F80CFCF7DD00AD8922 /* Features */ = {
			isa = PBXGroup;
			children = (
				1DB9B8F84F7FDA2C3BF3FB4E /* Artifacts */,
				90FF8A3EAF6BDC69F7056862 /* Chat */,
				FB248D8E99454EDA9E978468 /* Dashboard */,
				437C4B79688DD86A7C7CCE5D /* Pairing */,
				6A4E33DD8A32F84C3E4B0112 /* Sessions */,
				4E8627887DB2A06C5DDC1C58 /* Settings */,
			);
			path = Features;
			sourceTree = "<group>";
		};
		D0E3CC0DD17B106C782AC247 /* Views */ = {
			isa = PBXGroup;
			children = (
				AB91D75D1E3DED1FDD2B7FAF /* DynamicIslandCompactView.swift */,
				251C0C6808F6AE962B5773BF /* DynamicIslandExpandedView.swift */,
				265E79FD01704F5BC71CA337 /* LockScreenActivityView.swift */,
				F023646BC636346DDF4C6A25 /* MiWarpActivityAvatarRing.swift */,
				971D14568DAB22776BF82929 /* MiWarpMascotStatusView.swift */,
				DA286401A9EB29439E2463FB /* MiWarpRingProgressView.swift */,
				F47EEC1D96137CACCBAD464D /* WidgetColorHelper.swift */,
			);
			path = Views;
			sourceTree = "<group>";
		};
		DC54AFBAC9418EB17B2FAEE5 /* DesignSystem */ = {
			isa = PBXGroup;
			children = (
				C531F74CCAF09BF7733D0EAA /* MWAdaptiveLayout.swift */,
				5DC5192AA236F19699470279 /* MWChatComponents.swift */,
				24865EBC18A08682F72F290F /* MWColors.swift */,
				F76259B1C5AAF679C7F4405B /* MWFeedbackStates.swift */,
				5872527890D5F334EB56B679 /* MWInputBar.swift */,
				9AFC39E7EC252A84AB6C8F9B /* MWSizeUtilities.swift */,
				194269766BF8F9055F138881 /* MWStatusViews.swift */,
				7BAC68C657A83B1279AD9D4B /* MWSurfaces.swift */,
				48092D2C4044F54B928D3A0D /* MWTheme.swift */,
				D79C91C976F9F764AF38DA9E /* MWTypography.swift */,
				FF0501BFB2484F712F24E6C5 /* ShipSwiftMapping.md */,
				24AF3124837C76261FC5D87D /* Animation */,
				277250C613ABE343960E9E51 /* Components */,
				33AB1082DACA30D4AA8D73F3 /* Feedback */,
				FE6FC27E1838B2177BC4E80A /* Loading */,
				3F52C0FF37077763624EE8E4 /* Motion */,
			);
			path = DesignSystem;
			sourceTree = "<group>";
		};
		DEECF2C198EF49DF81D17E61 /* Products */ = {
			isa = PBXGroup;
			children = (
				BBC11E713D887C54BA4BE895 /* MiWarpLiveActivityExtension.appex */,
				C664FD00C805F710AB2CB298 /* MiWarpMobile.app */,
				BDFAFD6DD96630C2562FBFDE /* MiWarpMobileTests.xctest */,
			);
			name = Products;
			sourceTree = "<group>";
		};
		E0CF79B9130171F7A14B3593 /* DeepLink */ = {
			isa = PBXGroup;
			children = (
				289D60E42DA65D8A062D44C8 /* LiveActivityDeepLink.swift */,
			);
			name = DeepLink;
			path = DeepLink;
			sourceTree = "<group>";
		};
		FB248D8E99454EDA9E978468 /* Dashboard */ = {
			isa = PBXGroup;
			children = (
				B4DFFFE44FA98BC61075F266 /* HomeDashboardView.swift */,
			);
			path = Dashboard;
			sourceTree = "<group>";
		};
		FE6FC27E1838B2177BC4E80A /* Loading */ = {
			isa = PBXGroup;
			children = (
				F3B6CFF086F2B15F06E25B5C /* MiSkeletonCard.swift */,
			);
			path = Loading;
			sourceTree = "<group>";
		};
		FFA972AFDAFA81B5AFF86F13 /* Attributes */ = {
			isa = PBXGroup;
			children = (
				582462DD41026975764CB27B /* AgentTaskAttributes.swift */,
				6924FB55309725BC61D2EFC6 /* SessionSyncAttributes.swift */,
			);
			name = Attributes;
			path = Attributes;
			sourceTree = "<group>";
		};
		FFF295E37EFF54B540E122AE /* Resources */ = {
			isa = PBXGroup;
			children = (
				64526B69FA3F302F90E918A2 /* Assets.xcassets */,
				218378B6F9F53E2E224481E7 /* Info.plist */,
				F56164434961DBAFF3086CE8 /* MiWarpMobile.entitlements */,
				3075C556F52C2FD20105C508 /* Localizable.strings */,
			);
			path = Resources;
			sourceTree = "<group>";
		};
/* End PBXGroup section */

/* Begin PBXNativeTarget section */
		18675E3B9E2E005D4F2E1C61 /* MiWarpLiveActivityExtension */ = {
			isa = PBXNativeTarget;
			buildConfigurationList = 40D7A70BFC4A40E78C0BEF0E /* Build configuration list for PBXNativeTarget "MiWarpLiveActivityExtension" */;
			buildPhases = (
				E9A831591A3753C380DC682A /* Sources */,
				4F9A40C7EA041610E078639C /* Resources */,
			);
			buildRules = (
			);
			dependencies = (
			);
			name = MiWarpLiveActivityExtension;
			packageProductDependencies = (
			);
			productName = MiWarpLiveActivityExtension;
			productReference = BBC11E713D887C54BA4BE895 /* MiWarpLiveActivityExtension.appex */;
			productType = "com.apple.product-type.app-extension";
		};
		6BAF44B848D573A7D725D743 /* MiWarpMobileTests */ = {
			isa = PBXNativeTarget;
			buildConfigurationList = 39EEEBDE74E1051185665E13 /* Build configuration list for PBXNativeTarget "MiWarpMobileTests" */;
			buildPhases = (
				E1196C172C85B7CC342FF905 /* Sources */,
			);
			buildRules = (
			);
			dependencies = (
				764C51D6D8656C6DA53D69D0 /* PBXTargetDependency */,
			);
			name = MiWarpMobileTests;
			packageProductDependencies = (
			);
			productName = MiWarpMobileTests;
			productReference = BDFAFD6DD96630C2562FBFDE /* MiWarpMobileTests.xctest */;
			productType = "com.apple.product-type.bundle.unit-test";
		};
		F8E7E71355059B3247A86C55 /* MiWarpMobile */ = {
			isa = PBXNativeTarget;
			buildConfigurationList = 1530B67D58F823A1958C4553 /* Build configuration list for PBXNativeTarget "MiWarpMobile" */;
			buildPhases = (
				9C8100177FC1DD16EAC902DC /* Sources */,
				546F474D9113DEF931D8E907 /* Resources */,
				B6C9C80EC3DB140BC0189653 /* Embed Foundation Extensions */,
			);
			buildRules = (
			);
			dependencies = (
				2E431EA42F9E6022DB047F38 /* PBXTargetDependency */,
			);
			name = MiWarpMobile;
			packageProductDependencies = (
			);
			productName = MiWarpMobile;
			productReference = C664FD00C805F710AB2CB298 /* MiWarpMobile.app */;
			productType = "com.apple.product-type.application";
		};
/* End PBXNativeTarget section */

/* Begin PBXProject section */
		11F491C32C81F5DD954CCFEB /* Project object */ = {
			isa = PBXProject;
			attributes = {
				BuildIndependentTargetsInParallel = YES;
				LastUpgradeCheck = 1500;
				TargetAttributes = {
					18675E3B9E2E005D4F2E1C61 = {
						DevelopmentTeam = "";
						ProvisioningStyle = Automatic;
					};
					6BAF44B848D573A7D725D743 = {
						DevelopmentTeam = "";
						ProvisioningStyle = Automatic;
					};
					F8E7E71355059B3247A86C55 = {
						DevelopmentTeam = "";
						ProvisioningStyle = Automatic;
					};
				};
			};
			buildConfigurationList = 50671168109FA766CF2E8E13 /* Build configuration list for PBXProject "MiWarpMobile" */;
			developmentRegion = en;
			hasScannedForEncodings = 0;
			knownRegions = (
				Base,
				en,
				"zh-Hans",
			);
			mainGroup = 21B9443E7ADA0E66BC51EC45;
			minimizedProjectReferenceProxies = 1;
			preferredProjectObjectVersion = 77;
			productRefGroup = DEECF2C198EF49DF81D17E61 /* Products */;
			projectDirPath = "";
			projectRoot = "";
			targets = (
				18675E3B9E2E005D4F2E1C61 /* MiWarpLiveActivityExtension */,
				F8E7E71355059B3247A86C55 /* MiWarpMobile */,
				6BAF44B848D573A7D725D743 /* MiWarpMobileTests */,
			);
		};
/* End PBXProject section */

/* Begin PBXResourcesBuildPhase section */
		4F9A40C7EA041610E078639C /* Resources */ = {
			isa = PBXResourcesBuildPhase;
			buildActionMask = 2147483647;
			files = (
				2F60229AB1D0CB49FBE916AF /* Localizable.strings in Resources */,
			);
			runOnlyForDeploymentPostprocessing = 0;
		};
		546F474D9113DEF931D8E907 /* Resources */ = {
			isa = PBXResourcesBuildPhase;
			buildActionMask = 2147483647;
			files = (
				1A0B8BAEDB303A040B818DDC /* Assets.xcassets in Resources */,
				8596C192F5387F95BC0D5D4B /* Localizable.strings in Resources */,
				EF66979C3AF93B4763EC90D0 /* ShipSwiftMapping.md in Resources */,
			);
			runOnlyForDeploymentPostprocessing = 0;
		};
/* End PBXResourcesBuildPhase section */

/* Begin PBXSourcesBuildPhase section */
		9C8100177FC1DD16EAC902DC /* Sources */ = {
			isa = PBXSourcesBuildPhase;
			buildActionMask = 2147483647;
			files = (
				983A9AB35CD6E7CDF9D45406 /* AgentAnimationView.swift in Sources */,
				11F022E5C4471ED50783C0FA /* AgentSyncManager.swift in Sources */,
				0B6DC2E41A1DD8086756F4A4 /* AgentTaskAttributes.swift in Sources */,
				7D59A7D113E7D788FD144F5B /* AnyCodable.swift in Sources */,
				24908B86D77D42EB10C3DEF0 /* AppRouter.swift in Sources */,
				55323E2FB9262C753B8975CF /* ArtifactsTypes.swift in Sources */,
				04DB51B2A725C113B3A6EE29 /* ArtifactsView.swift in Sources */,
				9F68D435041284B0EEFB5CF4 /* BusEvent.swift in Sources */,
				5C5A5B691674D5C2586AC2B8 /* BusEventPayload.swift in Sources */,
				FE7765B8799D45D7EF4E3626 /* ChatInputBar.swift in Sources */,
				6F565ED315DFAAAD6CC80C6D /* ChatView.swift in Sources */,
				0500B008F57FCDD7EDF29B83 /* ChatViewModel.swift in Sources */,
				F7CF929F1EFE1949D3454914 /* ComposerBar.swift in Sources */,
				6791ED1049A4C99EC0895E03 /* ConnectionListView.swift in Sources */,
				99564639DADDA42A04DFD034 /* ConnectionTypes.swift in Sources */,
				31752E8113DC5B9B09E5B8D0 /* DiffPreviewView.swift in Sources */,
				964055011DC44AC873414CBD /* HomeDashboardView.swift in Sources */,
				C30281F01B6D385F5BA7EC50 /* LiveActivityDeepLink.swift in Sources */,
				E7BAA4FD183D808345170009 /* LiveActivityDemoView.swift in Sources */,
				4DD2694249859A43B61D0599 /* LiveActivityManager.swift in Sources */,
				BC2AC5D7B71C9844971627F8 /* LiveActivityPhase.swift in Sources */,
				D51366EFE06EF97C6F3A666F /* MWAdaptiveLayout.swift in Sources */,
				BAA01F64FC7CBA7D3FB3335C /* MWChatComponents.swift in Sources */,
				8C469F2748D6D72D5BEB4DF2 /* MWColors.swift in Sources */,
				E44A7004D47A482177ACE948 /* MWFeedbackStates.swift in Sources */,
				BE5F1EC343D4B03C9592F828 /* MWInputBar.swift in Sources */,
				2230134581D0560F10F45CAB /* MWSizeUtilities.swift in Sources */,
				CD91DA13794950E261A8B017 /* MWStatusViews.swift in Sources */,
				86D91CBD7F97298002F6F266 /* MWSurfaces.swift in Sources */,
				C96972A01DA3558985C1A234 /* MWTheme.swift in Sources */,
				65AA0F610CDB4B67B39B53C9 /* MWTypography.swift in Sources */,
				2DD50F246947160FB772ECF2 /* MascotState.swift in Sources */,
				A210B494EBB75AB16812621E /* MessageListView.swift in Sources */,
				4E61FA8BAEA80134AE4A81AA /* MessageTimeline.swift in Sources */,
				5E20ED8798629D34C9E16FBF /* MiButton.swift in Sources */,
				C8AD52ABBB2A4580D98B5931 /* MiCard.swift in Sources */,
				C690D370F4B7ACF4794C8142 /* MiHaptics.swift in Sources */,
				F3548BB4AFADF9DEE7A02006 /* MiMotion.swift in Sources */,
				FF74399ED1C01B31C2F23AA3 /* MiProgressRing.swift in Sources */,
				EDC05A83087EBF28F5B57293 /* MiSkeletonCard.swift in Sources */,
				7DC855A13042AD2CDAEEFD9F /* MiStatusBadge.swift in Sources */,
				50617B9D37FD261CB97C93DF /* MiToast.swift in Sources */,
				A770A9BD443BABE25EA1AB90 /* MiWarpChunkAssembler.swift in Sources */,
				FCCCC4792AEF4E33B3F92E1D /* MiWarpConnectionStore.swift in Sources */,
				DFA039E9FFE6D381AA863AD2 /* MiWarpEventReducer.swift in Sources */,
				F4EC3C0A42C3DA0D397A2F3F /* MiWarpKeychain.swift in Sources */,
				3F6BFBDB959EC1C975CA3F05 /* MiWarpLogger.swift in Sources */,
				C0A5C03FAD0BF00E36BCDB2E /* MiWarpMobileApp.swift in Sources */,
				18E246F86CCFC3D52E28E1DA /* MiWarpRPC.swift in Sources */,
				DA9BDFA699E6C93BBB381595 /* MiWarpWebSocketClient.swift in Sources */,
				46C205483229F049CF7547B0 /* MobileSettingsView.swift in Sources */,
				A5BBE889D03AB2D6A4C7AD34 /* PairingView.swift in Sources */,
				1AAB91C90865BBEFE731E609 /* QRScannerView.swift in Sources */,
				532CCC78DC030F41D8724B45 /* RawEventView.swift in Sources */,
				E0B06E5921AF9E1101B60F79 /* RunTypes.swift in Sources */,
				DA3692C0666B9ADCAEE3784A /* SessionFiltersView.swift in Sources */,
				9B288F274A622D202EA9133D /* SessionHubView.swift in Sources */,
				D322874B95C1F70377CF038D /* SessionSyncAttributes.swift in Sources */,
				CA9A8A1B4BCA33A6F3A09724 /* SessionSyncManager.swift in Sources */,
				229B2EAEDF54BFC2FFF64DE3 /* SpotlightIndexer.swift in Sources */,
				9B7553C9DBADE58F73135C62 /* WSDecoder.swift in Sources */,
				C06E5B0BB132229DF26920BF /* WebSocketMessages.swift in Sources */,
			);
			runOnlyForDeploymentPostprocessing = 0;
		};
		E1196C172C85B7CC342FF905 /* Sources */ = {
			isa = PBXSourcesBuildPhase;
			buildActionMask = 2147483647;
			files = (
				F825B3991614B8E8E749684F /* MiWarpChunkAssemblerTests.swift in Sources */,
				6F33528D57DF25214FBCA7D0 /* MiWarpEventReducerTests.swift in Sources */,
				A414F0631348A2922BB4F8DB /* ProtocolTypesTests.swift in Sources */,
				502F81B0B4C060493C362D9B /* WSDecoderTests.swift in Sources */,
			);
			runOnlyForDeploymentPostprocessing = 0;
		};
		E9A831591A3753C380DC682A /* Sources */ = {
			isa = PBXSourcesBuildPhase;
			buildActionMask = 2147483647;
			files = (
				27176FD90C32057D4DF0B2DC /* AgentTaskAttributes.swift in Sources */,
				846147A25B80E7CC8D8A16E4 /* DynamicIslandCompactView.swift in Sources */,
				091EDBC0BE2D2B27D772B014 /* DynamicIslandExpandedView.swift in Sources */,
				8208571575CB75CC6C1C887D /* LiveActivityDeepLink.swift in Sources */,
				F5F0A72D1CAB2E5EF9B8E645 /* LiveActivityPhase.swift in Sources */,
				DF80F90DE40672EAD5FE7C2A /* LockScreenActivityView.swift in Sources */,
				184609C6EBCE7907B8314B79 /* MascotState.swift in Sources */,
				1F4AF87F9F9A169B726E6DC5 /* MiWarpActivityAvatarRing.swift in Sources */,
				E15851B856698CE552D0AFE2 /* MiWarpLiveActivityWidget.swift in Sources */,
				6D5D0695AC0106DB652AD62F /* MiWarpMascotStatusView.swift in Sources */,
				AE787F9A8B3C39AE4FE32D73 /* MiWarpRingProgressView.swift in Sources */,
				5C41EF8843347D75659A9848 /* SessionSyncAttributes.swift in Sources */,
				BC2B58DD168E738B9F5A1441 /* WidgetColorHelper.swift in Sources */,
			);
			runOnlyForDeploymentPostprocessing = 0;
		};
/* End PBXSourcesBuildPhase section */

/* Begin PBXTargetDependency section */
		2E431EA42F9E6022DB047F38 /* PBXTargetDependency */ = {
			isa = PBXTargetDependency;
			target = 18675E3B9E2E005D4F2E1C61 /* MiWarpLiveActivityExtension */;
			targetProxy = 66173BA5660FD6CCC9529765 /* PBXContainerItemProxy */;
		};
		764C51D6D8656C6DA53D69D0 /* PBXTargetDependency */ = {
			isa = PBXTargetDependency;
			target = F8E7E71355059B3247A86C55 /* MiWarpMobile */;
			targetProxy = BBDC538639712C2B84CF9940 /* PBXContainerItemProxy */;
		};
/* End PBXTargetDependency section */

/* Begin PBXVariantGroup section */
		19277AFC949508765C8A8E4D /* Localizable.strings */ = {
			isa = PBXVariantGroup;
			children = (
				4B1DCF41ACAE15D5F981C412 /* en */,
				7D742D8D4555058B5334AFE6 /* zh-Hans */,
			);
			name = Localizable.strings;
			sourceTree = "<group>";
		};
		3075C556F52C2FD20105C508 /* Localizable.strings */ = {
			isa = PBXVariantGroup;
			children = (
				E8701BA21C370F669D2E2790 /* en */,
				8F1A39C53F04606153E1C20B /* zh-Hans */,
			);
			name = Localizable.strings;
			sourceTree = "<group>";
		};
/* End PBXVariantGroup section */

/* Begin XCBuildConfiguration section */
		09C36831A7750D02F1680C90 /* Debug */ = {
			isa = XCBuildConfiguration;
			buildSettings = {
				BUNDLE_LOADER = "$(TEST_HOST)";
				INFOPLIST_FILE = MiWarpMobileTests/Info.plist;
				LD_RUNPATH_SEARCH_PATHS = (
					"$(inherited)",
					"@executable_path/Frameworks",
					"@loader_path/Frameworks",
				);
				PRODUCT_BUNDLE_IDENTIFIER = com.miwarp.mobile.tests;
				PRODUCT_MODULE_NAME = MiWarpMobileTests;
				PRODUCT_NAME = MiWarpMobileTests;
				SDKROOT = iphoneos;
				TARGETED_DEVICE_FAMILY = "1,2";
				TEST_HOST = "$(BUILT_PRODUCTS_DIR)/MiWarp.app/MiWarp";
			};
			name = Debug;
		};
		473442DBD2602487C3B624A1 /* Release */ = {
			isa = XCBuildConfiguration;
			buildSettings = {
				ASSETCATALOG_COMPILER_APPICON_NAME = AppIcon;
				CODE_SIGN_ENTITLEMENTS = MiWarpMobile/Resources/MiWarpMobile.entitlements;
				CODE_SIGN_IDENTITY = "iPhone Developer";
				INFOPLIST_FILE = MiWarpMobile/Resources/Info.plist;
				LD_RUNPATH_SEARCH_PATHS = (
					"$(inherited)",
					"@executable_path/Frameworks",
				);
				PRODUCT_BUNDLE_IDENTIFIER = com.miwarp.mobile;
				PRODUCT_MODULE_NAME = MiWarpMobile;
				PRODUCT_NAME = MiWarp;
				SDKROOT = iphoneos;
				TARGETED_DEVICE_FAMILY = "1,2";
			};
			name = Release;
		};
		47BB4466F72FE8F52E7A5717 /* Release */ = {
			isa = XCBuildConfiguration;
			buildSettings = {
				BUNDLE_LOADER = "$(TEST_HOST)";
				INFOPLIST_FILE = MiWarpMobileTests/Info.plist;
				LD_RUNPATH_SEARCH_PATHS = (
					"$(inherited)",
					"@executable_path/Frameworks",
					"@loader_path/Frameworks",
				);
				PRODUCT_BUNDLE_IDENTIFIER = com.miwarp.mobile.tests;
				PRODUCT_MODULE_NAME = MiWarpMobileTests;
				PRODUCT_NAME = MiWarpMobileTests;
				SDKROOT = iphoneos;
				TARGETED_DEVICE_FAMILY = "1,2";
				TEST_HOST = "$(BUILT_PRODUCTS_DIR)/MiWarp.app/MiWarp";
			};
			name = Release;
		};
		737C57AC22E34C6FE06EB1B4 /* Release */ = {
			isa = XCBuildConfiguration;
			buildSettings = {
				CODE_SIGN_ENTITLEMENTS = MiWarpLiveActivityExtension/MiWarpLiveActivityExtension.entitlements;
				INFOPLIST_FILE = MiWarpLiveActivityExtension/Info.plist;
				IPHONEOS_DEPLOYMENT_TARGET = 17.0;
				LD_RUNPATH_SEARCH_PATHS = (
					"$(inherited)",
					"@executable_path/Frameworks",
					"@executable_path/../../Frameworks",
				);
				PRODUCT_BUNDLE_IDENTIFIER = com.miwarp.mobile.MiWarpLiveActivityExtension;
				PRODUCT_NAME = MiWarpLiveActivityExtension;
				SDKROOT = iphoneos;
				SWIFT_VERSION = 5.9;
				TARGETED_DEVICE_FAMILY = "1,2";
			};
			name = Release;
		};
		828AF5141539996DE5D0FF5D /* Debug */ = {
			isa = XCBuildConfiguration;
			buildSettings = {
				CODE_SIGN_ENTITLEMENTS = MiWarpLiveActivityExtension/MiWarpLiveActivityExtension.entitlements;
				INFOPLIST_FILE = MiWarpLiveActivityExtension/Info.plist;
				IPHONEOS_DEPLOYMENT_TARGET = 17.0;
				LD_RUNPATH_SEARCH_PATHS = (
					"$(inherited)",
					"@executable_path/Frameworks",
					"@executable_path/../../Frameworks",
				);
				PRODUCT_BUNDLE_IDENTIFIER = com.miwarp.mobile.MiWarpLiveActivityExtension;
				PRODUCT_NAME = MiWarpLiveActivityExtension;
				SDKROOT = iphoneos;
				SWIFT_VERSION = 5.9;
				TARGETED_DEVICE_FAMILY = "1,2";
			};
			name = Debug;
		};
		AE0E2C4A305635FE2ADD4577 /* Debug */ = {
			isa = XCBuildConfiguration;
			buildSettings = {
				ASSETCATALOG_COMPILER_APPICON_NAME = AppIcon;
				CODE_SIGN_ENTITLEMENTS = MiWarpMobile/Resources/MiWarpMobile.entitlements;
				CODE_SIGN_IDENTITY = "iPhone Developer";
				INFOPLIST_FILE = MiWarpMobile/Resources/Info.plist;
				LD_RUNPATH_SEARCH_PATHS = (
					"$(inherited)",
					"@executable_path/Frameworks",
				);
				PRODUCT_BUNDLE_IDENTIFIER = com.miwarp.mobile;
				PRODUCT_MODULE_NAME = MiWarpMobile;
				PRODUCT_NAME = MiWarp;
				SDKROOT = iphoneos;
				TARGETED_DEVICE_FAMILY = "1,2";
			};
			name = Debug;
		};
		B462DD30483561ABA5D9103B /* Debug */ = {
			isa = XCBuildConfiguration;
			buildSettings = {
				ALWAYS_SEARCH_USER_PATHS = NO;
				ASSETCATALOG_COMPILER_APPICON_NAME = AppIcon;
				ASSETCATALOG_COMPILER_GLOBAL_ACCENT_COLOR_NAME = AccentColor;
				CLANG_ANALYZER_NONNULL = YES;
				CLANG_ANALYZER_NUMBER_OBJECT_CONVERSION = YES_AGGRESSIVE;
				CLANG_CXX_LANGUAGE_STANDARD = "gnu++14";
				CLANG_CXX_LIBRARY = "libc++";
				CLANG_ENABLE_MODULES = YES;
				CLANG_ENABLE_OBJC_ARC = YES;
				CLANG_ENABLE_OBJC_WEAK = YES;
				CLANG_WARN_BLOCK_CAPTURE_AUTORELEASING = YES;
				CLANG_WARN_BOOL_CONVERSION = YES;
				CLANG_WARN_COMMA = YES;
				CLANG_WARN_CONSTANT_CONVERSION = YES;
				CLANG_WARN_DEPRECATED_OBJC_IMPLEMENTATIONS = YES;
				CLANG_WARN_DIRECT_OBJC_ISA_USAGE = YES_ERROR;
				CLANG_WARN_DOCUMENTATION_COMMENTS = YES;
				CLANG_WARN_EMPTY_BODY = YES;
				CLANG_WARN_ENUM_CONVERSION = YES;
				CLANG_WARN_INFINITE_RECURSION = YES;
				CLANG_WARN_INT_CONVERSION = YES;
				CLANG_WARN_NON_LITERAL_NULL_CONVERSION = YES;
				CLANG_WARN_OBJC_IMPLICIT_RETAIN_SELF = YES;
				CLANG_WARN_OBJC_LITERAL_CONVERSION = YES;
				CLANG_WARN_OBJC_ROOT_CLASS = YES_ERROR;
				CLANG_WARN_QUOTED_INCLUDE_IN_FRAMEWORK_HEADER = YES;
				CLANG_WARN_RANGE_LOOP_ANALYSIS = YES;
				CLANG_WARN_STRICT_PROTOTYPES = YES;
				CLANG_WARN_SUSPICIOUS_MOVE = YES;
				CLANG_WARN_UNGUARDED_AVAILABILITY = YES_AGGRESSIVE;
				CLANG_WARN_UNREACHABLE_CODE = YES;
				CLANG_WARN__DUPLICATE_METHOD_MATCH = YES;
				CODE_SIGN_STYLE = Automatic;
				COPY_PHASE_STRIP = NO;
				CURRENT_PROJECT_VERSION = 1001002;
				DEBUG_INFORMATION_FORMAT = dwarf;
				DEVELOPMENT_TEAM = "";
				ENABLE_STRICT_OBJC_MSGSEND = YES;
				ENABLE_TESTABILITY = YES;
				GCC_C_LANGUAGE_STANDARD = gnu11;
				GCC_DYNAMIC_NO_PIC = NO;
				GCC_NO_COMMON_BLOCKS = YES;
				GCC_OPTIMIZATION_LEVEL = 0;
				GCC_PREPROCESSOR_DEFINITIONS = (
					"$(inherited)",
					"DEBUG=1",
				);
				GCC_WARN_64_TO_32_BIT_CONVERSION = YES;
				GCC_WARN_ABOUT_RETURN_TYPE = YES_ERROR;
				GCC_WARN_UNDECLARED_SELECTOR = YES;
				GCC_WARN_UNINITIALIZED_AUTOS = YES_AGGRESSIVE;
				GCC_WARN_UNUSED_FUNCTION = YES;
				GCC_WARN_UNUSED_VARIABLE = YES;
				INFOPLIST_FILE = MiWarpMobile/Resources/Info.plist;
				IPHONEOS_DEPLOYMENT_TARGET = 17.0;
				MARKETING_VERSION = 1.1.2;
				MTL_ENABLE_DEBUG_INFO = INCLUDE_SOURCE;
				MTL_FAST_MATH = YES;
				ONLY_ACTIVE_ARCH = YES;
				PRODUCT_NAME = "$(TARGET_NAME)";
				SDKROOT = iphoneos;
				SWIFT_ACTIVE_COMPILATION_CONDITIONS = DEBUG;
				SWIFT_OPTIMIZATION_LEVEL = "-Onone";
				SWIFT_VERSION = 5.9;
				TARGETED_DEVICE_FAMILY = "1,2";
			};
			name = Debug;
		};
		B8D4FE114EDB53A1B954E97B /* Release */ = {
			isa = XCBuildConfiguration;
			buildSettings = {
				ALWAYS_SEARCH_USER_PATHS = NO;
				ASSETCATALOG_COMPILER_APPICON_NAME = AppIcon;
				ASSETCATALOG_COMPILER_GLOBAL_ACCENT_COLOR_NAME = AccentColor;
				CLANG_ANALYZER_NONNULL = YES;
				CLANG_ANALYZER_NUMBER_OBJECT_CONVERSION = YES_AGGRESSIVE;
				CLANG_CXX_LANGUAGE_STANDARD = "gnu++14";
				CLANG_CXX_LIBRARY = "libc++";
				CLANG_ENABLE_MODULES = YES;
				CLANG_ENABLE_OBJC_ARC = YES;
				CLANG_ENABLE_OBJC_WEAK = YES;
				CLANG_WARN_BLOCK_CAPTURE_AUTORELEASING = YES;
				CLANG_WARN_BOOL_CONVERSION = YES;
				CLANG_WARN_COMMA = YES;
				CLANG_WARN_CONSTANT_CONVERSION = YES;
				CLANG_WARN_DEPRECATED_OBJC_IMPLEMENTATIONS = YES;
				CLANG_WARN_DIRECT_OBJC_ISA_USAGE = YES_ERROR;
				CLANG_WARN_DOCUMENTATION_COMMENTS = YES;
				CLANG_WARN_EMPTY_BODY = YES;
				CLANG_WARN_ENUM_CONVERSION = YES;
				CLANG_WARN_INFINITE_RECURSION = YES;
				CLANG_WARN_INT_CONVERSION = YES;
				CLANG_WARN_NON_LITERAL_NULL_CONVERSION = YES;
				CLANG_WARN_OBJC_IMPLICIT_RETAIN_SELF = YES;
				CLANG_WARN_OBJC_LITERAL_CONVERSION = YES;
				CLANG_WARN_OBJC_ROOT_CLASS = YES_ERROR;
				CLANG_WARN_QUOTED_INCLUDE_IN_FRAMEWORK_HEADER = YES;
				CLANG_WARN_RANGE_LOOP_ANALYSIS = YES;
				CLANG_WARN_STRICT_PROTOTYPES = YES;
				CLANG_WARN_SUSPICIOUS_MOVE = YES;
				CLANG_WARN_UNGUARDED_AVAILABILITY = YES_AGGRESSIVE;
				CLANG_WARN_UNREACHABLE_CODE = YES;
				CLANG_WARN__DUPLICATE_METHOD_MATCH = YES;
				CODE_SIGN_STYLE = Automatic;
				COPY_PHASE_STRIP = NO;
				CURRENT_PROJECT_VERSION = 1001002;
				DEBUG_INFORMATION_FORMAT = "dwarf-with-dsym";
				DEVELOPMENT_TEAM = "";
				ENABLE_NS_ASSERTIONS = NO;
				ENABLE_STRICT_OBJC_MSGSEND = YES;
				GCC_C_LANGUAGE_STANDARD = gnu11;
				GCC_NO_COMMON_BLOCKS = YES;
				GCC_WARN_64_TO_32_BIT_CONVERSION = YES;
				GCC_WARN_ABOUT_RETURN_TYPE = YES_ERROR;
				GCC_WARN_UNDECLARED_SELECTOR = YES;
				GCC_WARN_UNINITIALIZED_AUTOS = YES_AGGRESSIVE;
				GCC_WARN_UNUSED_FUNCTION = YES;
				GCC_WARN_UNUSED_VARIABLE = YES;
				INFOPLIST_FILE = MiWarpMobile/Resources/Info.plist;
				IPHONEOS_DEPLOYMENT_TARGET = 17.0;
				MARKETING_VERSION = 1.1.2;
				MTL_ENABLE_DEBUG_INFO = NO;
				MTL_FAST_MATH = YES;
				PRODUCT_NAME = "$(TARGET_NAME)";
				SDKROOT = iphoneos;
				SWIFT_COMPILATION_MODE = wholemodule;
				SWIFT_OPTIMIZATION_LEVEL = "-O";
				SWIFT_VERSION = 5.9;
				TARGETED_DEVICE_FAMILY = "1,2";
			};
			name = Release;
		};
/* End XCBuildConfiguration section */

/* Begin XCConfigurationList section */
		1530B67D58F823A1958C4553 /* Build configuration list for PBXNativeTarget "MiWarpMobile" */ = {
			isa = XCConfigurationList;
			buildConfigurations = (
				AE0E2C4A305635FE2ADD4577 /* Debug */,
				473442DBD2602487C3B624A1 /* Release */,
			);
			defaultConfigurationIsVisible = 0;
			defaultConfigurationName = Debug;
		};
		39EEEBDE74E1051185665E13 /* Build configuration list for PBXNativeTarget "MiWarpMobileTests" */ = {
			isa = XCConfigurationList;
			buildConfigurations = (
				09C36831A7750D02F1680C90 /* Debug */,
				47BB4466F72FE8F52E7A5717 /* Release */,
			);
			defaultConfigurationIsVisible = 0;
			defaultConfigurationName = Debug;
		};
		40D7A70BFC4A40E78C0BEF0E /* Build configuration list for PBXNativeTarget "MiWarpLiveActivityExtension" */ = {
			isa = XCConfigurationList;
			buildConfigurations = (
				828AF5141539996DE5D0FF5D /* Debug */,
				737C57AC22E34C6FE06EB1B4 /* Release */,
			);
			defaultConfigurationIsVisible = 0;
			defaultConfigurationName = Debug;
		};
		50671168109FA766CF2E8E13 /* Build configuration list for PBXProject "MiWarpMobile" */ = {
			isa = XCConfigurationList;
			buildConfigurations = (
				B462DD30483561ABA5D9103B /* Debug */,
				B8D4FE114EDB53A1B954E97B /* Release */,
			);
			defaultConfigurationIsVisible = 0;
			defaultConfigurationName = Debug;
		};
/* End XCConfigurationList section */
	};
	rootObject = 11F491C32C81F5DD954CCFEB /* Project object */;
}
