// !$*UTF8*$!
{
	archiveVersion = 1;
	classes = {
	};
	objectVersion = 77;
	objects = {

/* Begin PBXBuildFile section */
		04DB51B2A725C113B3A6EE29 /* ArtifactsView.swift in Sources */ = {isa = PBXBuildFile; fileRef = D86348B9DC8374F8A7B3688E /* ArtifactsView.swift */; };
		0F16E07198160397 /* MascotState.swift in Sources */ = {isa = PBXBuildFile; fileRef = 10FCE309A6DF1E3C /* MascotState.swift */; };
		150E1E3950560F24 /* AgentSyncManager.swift in Sources */ = {isa = PBXBuildFile; fileRef = CE07B77E559C30A1 /* AgentSyncManager.swift */; };
		18E246F86CCFC3D52E28E1DA /* MiWarpRPC.swift in Sources */ = {isa = PBXBuildFile; fileRef = 87A3AF41B54A7D4AF4EF7B78 /* MiWarpRPC.swift */; };
		18E3370AE5AE152C060EB950 /* MiWarpModels.swift in Sources */ = {isa = PBXBuildFile; fileRef = 02342E23F233A1CF248129CF /* MiWarpModels.swift */; };
		1A0B8BAEDB303A040B818DDC /* Assets.xcassets in Resources */ = {isa = PBXBuildFile; fileRef = 64526B69FA3F302F90E918A2 /* Assets.xcassets */; };
		1AAB91C90865BBEFE731E609 /* QRScannerView.swift in Sources */ = {isa = PBXBuildFile; fileRef = 0357B8FA940E87F3AFEE4019 /* QRScannerView.swift */; };
		23BAED383DBAC04B51B6D66F /* AgentTaskAttributes.swift in Sources */ = {isa = PBXBuildFile; fileRef = 55FB828288367326 /* AgentTaskAttributes.swift */; };
		24908B86D77D42EB10C3DEF0 /* AppRouter.swift in Sources */ = {isa = PBXBuildFile; fileRef = B9EBC6E7E1C3A6687A1AC5BD /* AppRouter.swift */; };
		24D59176054F3AF6 /* LiveActivityDemoView.swift in Sources */ = {isa = PBXBuildFile; fileRef = E5CA8BB9104E61D9 /* LiveActivityDemoView.swift */; };
		2BDE5BB585506D8FE578A2A5 /* Foundation.framework in Frameworks */ = {isa = PBXBuildFile; fileRef = 6C63DFFB943A6F41E7A1047B /* Foundation.framework */; };
		31752E8113DC5B9B09E5B8D0 /* DiffPreviewView.swift in Sources */ = {isa = PBXBuildFile; fileRef = F0F107680AD38109AD258F79 /* DiffPreviewView.swift */; };
		3D885E06982487C0C11DFA0C /* MiWarpActivityAvatarRing.swift in Sources */ = {isa = PBXBuildFile; fileRef = 235D10DA9D0EE05FFD8BAA77 /* MiWarpActivityAvatarRing.swift */; };
		3F6BFBDB959EC1C975CA3F05 /* MiWarpLogger.swift in Sources */ = {isa = PBXBuildFile; fileRef = 3EF42EA4D95E49A3EE8DFCE5 /* MiWarpLogger.swift */; };
		46C205483229F049CF7547B0 /* MobileSettingsView.swift in Sources */ = {isa = PBXBuildFile; fileRef = 1BDC398FA44E521237508ED9 /* MobileSettingsView.swift */; };
		46DBC49F0B2B915B28F03533 /* SessionSyncAttributes.swift in Sources */ = {isa = PBXBuildFile; fileRef = 230EF37D09827AC1 /* SessionSyncAttributes.swift */; };
		4D5DDE0D979274C2C53F5E08 /* MascotState.swift in Sources */ = {isa = PBXBuildFile; fileRef = 10FCE309A6DF1E3C /* MascotState.swift */; };
		532CCC78DC030F41D8724B45 /* RawEventView.swift in Sources */ = {isa = PBXBuildFile; fileRef = 3F6C0CCD921DD31844147DD1 /* RawEventView.swift */; };
		563E00C7BDA2351B8229136A /* LiveActivityDeepLink.swift in Sources */ = {isa = PBXBuildFile; fileRef = 972706DDCE76C5C3 /* LiveActivityDeepLink.swift */; };
		6081EC7D2CF73109F19DB9E3 /* LiveActivityPhase.swift in Sources */ = {isa = PBXBuildFile; fileRef = A3FB27CCEE013C5A /* LiveActivityPhase.swift */; };
		61C878F248E60363 /* SessionSyncAttributes.swift in Sources */ = {isa = PBXBuildFile; fileRef = 230EF37D09827AC1 /* SessionSyncAttributes.swift */; };
		65AA0F610CDB4B67B39B53C9 /* MWTypography.swift in Sources */ = {isa = PBXBuildFile; fileRef = D79C91C976F9F764AF38DA9E /* MWTypography.swift */; };
		6791ED1049A4C99EC0895E03 /* ConnectionListView.swift in Sources */ = {isa = PBXBuildFile; fileRef = 90961D2A1D3E576400FBA90D /* ConnectionListView.swift */; };
		6F565ED315DFAAAD6CC80C6D /* ChatView.swift in Sources */ = {isa = PBXBuildFile; fileRef = C0E65980CBFDCE0641A89EB6 /* ChatView.swift */; };
		76EEAC0FC03DA3FF2027F759 /* DynamicIslandExpandedView.swift in Sources */ = {isa = PBXBuildFile; fileRef = E11C7238E3EBF5610ACD5E41 /* DynamicIslandExpandedView.swift */; };
		789373F17DB80E1B /* LiveActivityManager.swift in Sources */ = {isa = PBXBuildFile; fileRef = 3824B3A40324D16D /* LiveActivityManager.swift */; };
		87BA9E0A5AC074DE /* LiveActivityPhase.swift in Sources */ = {isa = PBXBuildFile; fileRef = A3FB27CCEE013C5A /* LiveActivityPhase.swift */; };
		8946456184C3D6B8126E8EA1 /* MessageBubbleView.swift in Sources */ = {isa = PBXBuildFile; fileRef = A9E75A871369C61901E50A56 /* MessageBubbleView.swift */; };
		8C469F2748D6D72D5BEB4DF2 /* MWColors.swift in Sources */ = {isa = PBXBuildFile; fileRef = 24865EBC18A08682F72F290F /* MWColors.swift */; };
		8F6CCEC299A66E4372A834EB /* WidgetColorHelper.swift in Sources */ = {isa = PBXBuildFile; fileRef = 0F70AC0095170D3215FA8A26 /* WidgetColorHelper.swift */; };
		9B288F274A622D202EA9133D /* SessionHubView.swift in Sources */ = {isa = PBXBuildFile; fileRef = 6A5CFCDC3786BC4196BFD619 /* SessionHubView.swift */; };
		9BB15338BCB478A5 /* SessionSyncManager.swift in Sources */ = {isa = PBXBuildFile; fileRef = A4CE3E187FEFBBD6 /* SessionSyncManager.swift */; };
		A172FA18B2E5D055735D564B /* SessionCardView.swift in Sources */ = {isa = PBXBuildFile; fileRef = 987255B12C719BFE7C7334E3 /* SessionCardView.swift */; };
		A210B494EBB75AB16812621E /* MessageListView.swift in Sources */ = {isa = PBXBuildFile; fileRef = 4F9476AE56F033A24CF340F5 /* MessageListView.swift */; };
		A421B83FA42F69975CD74E77 /* MiWarpMascotStatusView.swift in Sources */ = {isa = PBXBuildFile; fileRef = 2E1D23DAA5CC7F44690E6E8F /* MiWarpMascotStatusView.swift */; };
		A5BBE889D03AB2D6A4C7AD34 /* PairingView.swift in Sources */ = {isa = PBXBuildFile; fileRef = B3FAA7EA2B1B6F88F3FCE898 /* PairingView.swift */; };
		A99EF19A54DEA797 /* AgentTaskAttributes.swift in Sources */ = {isa = PBXBuildFile; fileRef = 55FB828288367326 /* AgentTaskAttributes.swift */; };
		B04757E2E24D3A45F7473CE2 /* DynamicIslandCompactView.swift in Sources */ = {isa = PBXBuildFile; fileRef = 502D6F88661C2425E0CE0430 /* DynamicIslandCompactView.swift */; };
		C0A5C03FAD0BF00E36BCDB2E /* MiWarpMobileApp.swift in Sources */ = {isa = PBXBuildFile; fileRef = 0C548D8CEFC934933FBECC65 /* MiWarpMobileApp.swift */; };
		C519099BA1DEB54370019F82 /* MiWarpRingProgressView.swift in Sources */ = {isa = PBXBuildFile; fileRef = 02F184F1D58906E2D1C6435E /* MiWarpRingProgressView.swift */; };
		C7648DAF442620D15281A519 /* LockScreenActivityView.swift in Sources */ = {isa = PBXBuildFile; fileRef = BB2D8FC54691FBA161BC0B95 /* LockScreenActivityView.swift */; };
		C96972A01DA3558985C1A234 /* MWTheme.swift in Sources */ = {isa = PBXBuildFile; fileRef = 48092D2C4044F54B928D3A0D /* MWTheme.swift */; };
		CHATVIEWMODEL12345678 /* ChatViewModel.swift in Sources */ = {isa = PBXBuildFile; fileRef = CHATVIEWMODELREF00000 /* ChatViewModel.swift */; };
		D2E6242027E4F4AB /* LiveActivityDeepLink.swift in Sources */ = {isa = PBXBuildFile; fileRef = 972706DDCE76C5C3 /* LiveActivityDeepLink.swift */; };
		DA3692C0666B9ADCAEE3784A /* SessionFiltersView.swift in Sources */ = {isa = PBXBuildFile; fileRef = 015D6770F2BF381E65357860 /* SessionFiltersView.swift */; };
		DA9BDFA699E6C93BBB381595 /* MiWarpWebSocketClient.swift in Sources */ = {isa = PBXBuildFile; fileRef = 74358DE064BFA91D37F88C20 /* MiWarpWebSocketClient.swift */; };
		DFA039E9FFE6D381AA863AD2 /* MiWarpEventReducer.swift in Sources */ = {isa = PBXBuildFile; fileRef = B85BC39AF301E61AA2D7BDDF /* MiWarpEventReducer.swift */; };
		E2B3A825971612D747C522A7 /* ToolCallCardView.swift in Sources */ = {isa = PBXBuildFile; fileRef = 6E481018763FF42586EAB656 /* ToolCallCardView.swift */; };
		F0FBF592BF4ED3A133FB8A3A /* MWComponents.swift in Sources */ = {isa = PBXBuildFile; fileRef = 69E7E49A3B0F2853F7255337 /* MWComponents.swift */; };
		F4EC3C0A42C3DA0D397A2F3F /* MiWarpKeychain.swift in Sources */ = {isa = PBXBuildFile; fileRef = 9737E58B096F2A6DFBA00DFA /* MiWarpKeychain.swift */; };
		F5CC3C6ED01609154DB20253 /* MiWarpLiveActivityWidget.swift in Sources */ = {isa = PBXBuildFile; fileRef = 31E2F1B41F9576F7C6DB4D5D /* MiWarpLiveActivityWidget.swift */; };
		FBAA055780AF798D3BB80B6B /* ApprovalCardView.swift in Sources */ = {isa = PBXBuildFile; fileRef = CF2DF97B4D4DB5A75EBEB6AD /* ApprovalCardView.swift */; };
		FCCCC4792AEF4E33B3F92E1D /* MiWarpConnectionStore.swift in Sources */ = {isa = PBXBuildFile; fileRef = 6A0B57EF75232E7CBDA97B0D /* MiWarpConnectionStore.swift */; };
		FE7765B8799D45D7EF4E3626 /* ChatInputBar.swift in Sources */ = {isa = PBXBuildFile; fileRef = 096DDAC3E0FF81650A464E57 /* ChatInputBar.swift */; };
/* End PBXBuildFile section */

/* Begin PBXContainerItemProxy section */
		4CF41C2C0EC1FED0DEC84445 /* PBXContainerItemProxy */ = {
			isa = PBXContainerItemProxy;
			containerPortal = 11F491C32C81F5DD954CCFEB /* Project object */;
			proxyType = 1;
			remoteGlobalIDString = F5527037C4FC0F96386B3B04;
			remoteInfo = MiWarpLiveActivityExtension;
		};
/* End PBXContainerItemProxy section */

/* Begin PBXFileReference section */
		015D6770F2BF381E65357860 /* SessionFiltersView.swift */ = {isa = PBXFileReference; lastKnownFileType = sourcecode.swift; path = SessionFiltersView.swift; sourceTree = "<group>"; };
		02342E23F233A1CF248129CF /* MiWarpModels.swift */ = {isa = PBXFileReference; lastKnownFileType = sourcecode.swift; path = MiWarpModels.swift; sourceTree = "<group>"; };
		02F184F1D58906E2D1C6435E /* MiWarpRingProgressView.swift */ = {isa = PBXFileReference; includeInIndex = 1; lastKnownFileType = sourcecode.swift; name = MiWarpRingProgressView.swift; path = ../../MiWarpLiveActivityExtension/Views/MiWarpRingProgressView.swift; sourceTree = "<group>"; };
		0357B8FA940E87F3AFEE4019 /* QRScannerView.swift */ = {isa = PBXFileReference; lastKnownFileType = sourcecode.swift; path = QRScannerView.swift; sourceTree = "<group>"; };
		096DDAC3E0FF81650A464E57 /* ChatInputBar.swift */ = {isa = PBXFileReference; lastKnownFileType = sourcecode.swift; path = ChatInputBar.swift; sourceTree = "<group>"; };
		0C548D8CEFC934933FBECC65 /* MiWarpMobileApp.swift */ = {isa = PBXFileReference; lastKnownFileType = sourcecode.swift; path = MiWarpMobileApp.swift; sourceTree = "<group>"; };
		0E17A136C86C2624BEC230EF /* Info.plist */ = {isa = PBXFileReference; includeInIndex = 1; lastKnownFileType = text.plist.xml; name = Info.plist; path = ../../MiWarpLiveActivityExtension/Info.plist; sourceTree = "<group>"; };
		0F70AC0095170D3215FA8A26 /* WidgetColorHelper.swift */ = {isa = PBXFileReference; includeInIndex = 1; lastKnownFileType = sourcecode.swift; name = WidgetColorHelper.swift; path = ../../MiWarpLiveActivityExtension/Views/WidgetColorHelper.swift; sourceTree = "<group>"; };
		10FCE309A6DF1E3C /* MascotState.swift */ = {isa = PBXFileReference; lastKnownFileType = sourcecode.swift; path = MascotState.swift; sourceTree = "<group>"; };
		1BDC398FA44E521237508ED9 /* MobileSettingsView.swift */ = {isa = PBXFileReference; lastKnownFileType = sourcecode.swift; path = MobileSettingsView.swift; sourceTree = "<group>"; };
		218378B6F9F53E2E224481E7 /* Info.plist */ = {isa = PBXFileReference; lastKnownFileType = text.plist; path = Info.plist; sourceTree = "<group>"; };
		230EF37D09827AC1 /* SessionSyncAttributes.swift */ = {isa = PBXFileReference; lastKnownFileType = sourcecode.swift; path = SessionSyncAttributes.swift; sourceTree = "<group>"; };
		235D10DA9D0EE05FFD8BAA77 /* MiWarpActivityAvatarRing.swift */ = {isa = PBXFileReference; includeInIndex = 1; lastKnownFileType = sourcecode.swift; name = MiWarpActivityAvatarRing.swift; path = ../../MiWarpLiveActivityExtension/Views/MiWarpActivityAvatarRing.swift; sourceTree = "<group>"; };
		24865EBC18A08682F72F290F /* MWColors.swift */ = {isa = PBXFileReference; lastKnownFileType = sourcecode.swift; path = MWColors.swift; sourceTree = "<group>"; };
		2E1D23DAA5CC7F44690E6E8F /* MiWarpMascotStatusView.swift */ = {isa = PBXFileReference; includeInIndex = 1; lastKnownFileType = sourcecode.swift; name = MiWarpMascotStatusView.swift; path = ../../MiWarpLiveActivityExtension/Views/MiWarpMascotStatusView.swift; sourceTree = "<group>"; };
		31E2F1B41F9576F7C6DB4D5D /* MiWarpLiveActivityWidget.swift */ = {isa = PBXFileReference; includeInIndex = 1; lastKnownFileType = sourcecode.swift; name = MiWarpLiveActivityWidget.swift; path = ../../MiWarpLiveActivityExtension/MiWarpLiveActivityWidget.swift; sourceTree = "<group>"; };
		3824B3A40324D16D /* LiveActivityManager.swift */ = {isa = PBXFileReference; lastKnownFileType = sourcecode.swift; path = LiveActivityManager.swift; sourceTree = "<group>"; };
		3EF42EA4D95E49A3EE8DFCE5 /* MiWarpLogger.swift */ = {isa = PBXFileReference; lastKnownFileType = sourcecode.swift; path = MiWarpLogger.swift; sourceTree = "<group>"; };
		3F6C0CCD921DD31844147DD1 /* RawEventView.swift */ = {isa = PBXFileReference; lastKnownFileType = sourcecode.swift; path = RawEventView.swift; sourceTree = "<group>"; };
		48092D2C4044F54B928D3A0D /* MWTheme.swift */ = {isa = PBXFileReference; lastKnownFileType = sourcecode.swift; path = MWTheme.swift; sourceTree = "<group>"; };
		4F9476AE56F033A24CF340F5 /* MessageListView.swift */ = {isa = PBXFileReference; lastKnownFileType = sourcecode.swift; path = MessageListView.swift; sourceTree = "<group>"; };
		502D6F88661C2425E0CE0430 /* DynamicIslandCompactView.swift */ = {isa = PBXFileReference; includeInIndex = 1; lastKnownFileType = sourcecode.swift; name = DynamicIslandCompactView.swift; path = ../../MiWarpLiveActivityExtension/Views/DynamicIslandCompactView.swift; sourceTree = "<group>"; };
		55FB828288367326 /* AgentTaskAttributes.swift */ = {isa = PBXFileReference; lastKnownFileType = sourcecode.swift; path = AgentTaskAttributes.swift; sourceTree = "<group>"; };
		64526B69FA3F302F90E918A2 /* Assets.xcassets */ = {isa = PBXFileReference; lastKnownFileType = folder.assetcatalog; path = Assets.xcassets; sourceTree = "<group>"; };
		69E7E49A3B0F2853F7255337 /* MWComponents.swift */ = {isa = PBXFileReference; lastKnownFileType = sourcecode.swift; path = MWComponents.swift; sourceTree = "<group>"; };
		6A0B57EF75232E7CBDA97B0D /* MiWarpConnectionStore.swift */ = {isa = PBXFileReference; lastKnownFileType = sourcecode.swift; path = MiWarpConnectionStore.swift; sourceTree = "<group>"; };
		6A5CFCDC3786BC4196BFD619 /* SessionHubView.swift */ = {isa = PBXFileReference; lastKnownFileType = sourcecode.swift; path = SessionHubView.swift; sourceTree = "<group>"; };
		6C63DFFB943A6F41E7A1047B /* Foundation.framework */ = {isa = PBXFileReference; lastKnownFileType = wrapper.framework; name = Foundation.framework; path = Platforms/iPhoneOS.platform/Developer/SDKs/iPhoneOS18.0.sdk/System/Library/Frameworks/Foundation.framework; sourceTree = DEVELOPER_DIR; };
		6E481018763FF42586EAB656 /* ToolCallCardView.swift */ = {isa = PBXFileReference; lastKnownFileType = sourcecode.swift; path = ToolCallCardView.swift; sourceTree = "<group>"; };
		74358DE064BFA91D37F88C20 /* MiWarpWebSocketClient.swift */ = {isa = PBXFileReference; lastKnownFileType = sourcecode.swift; path = MiWarpWebSocketClient.swift; sourceTree = "<group>"; };
		87A3AF41B54A7D4AF4EF7B78 /* MiWarpRPC.swift */ = {isa = PBXFileReference; lastKnownFileType = sourcecode.swift; path = MiWarpRPC.swift; sourceTree = "<group>"; };
		90961D2A1D3E576400FBA90D /* ConnectionListView.swift */ = {isa = PBXFileReference; lastKnownFileType = sourcecode.swift; path = ConnectionListView.swift; sourceTree = "<group>"; };
		972706DDCE76C5C3 /* LiveActivityDeepLink.swift */ = {isa = PBXFileReference; lastKnownFileType = sourcecode.swift; path = LiveActivityDeepLink.swift; sourceTree = "<group>"; };
		9737E58B096F2A6DFBA00DFA /* MiWarpKeychain.swift */ = {isa = PBXFileReference; lastKnownFileType = sourcecode.swift; path = MiWarpKeychain.swift; sourceTree = "<group>"; };
		987255B12C719BFE7C7334E3 /* SessionCardView.swift */ = {isa = PBXFileReference; lastKnownFileType = sourcecode.swift; path = SessionCardView.swift; sourceTree = "<group>"; };
		A32CAE291A63375CA4F70871 /* MiWarpLiveActivityExtension.entitlements */ = {isa = PBXFileReference; includeInIndex = 1; lastKnownFileType = text.plist.entitlements; name = MiWarpLiveActivityExtension.entitlements; path = ../../MiWarpLiveActivityExtension/MiWarpLiveActivityExtension.entitlements; sourceTree = "<group>"; };
		A3FB27CCEE013C5A /* LiveActivityPhase.swift */ = {isa = PBXFileReference; lastKnownFileType = sourcecode.swift; path = LiveActivityPhase.swift; sourceTree = "<group>"; };
		A4CE3E187FEFBBD6 /* SessionSyncManager.swift */ = {isa = PBXFileReference; lastKnownFileType = sourcecode.swift; path = SessionSyncManager.swift; sourceTree = "<group>"; };
		A9E75A871369C61901E50A56 /* MessageBubbleView.swift */ = {isa = PBXFileReference; lastKnownFileType = sourcecode.swift; path = MessageBubbleView.swift; sourceTree = "<group>"; };
		B3FAA7EA2B1B6F88F3FCE898 /* PairingView.swift */ = {isa = PBXFileReference; lastKnownFileType = sourcecode.swift; path = PairingView.swift; sourceTree = "<group>"; };
		B85BC39AF301E61AA2D7BDDF /* MiWarpEventReducer.swift */ = {isa = PBXFileReference; lastKnownFileType = sourcecode.swift; path = MiWarpEventReducer.swift; sourceTree = "<group>"; };
		B9EBC6E7E1C3A6687A1AC5BD /* AppRouter.swift */ = {isa = PBXFileReference; lastKnownFileType = sourcecode.swift; path = AppRouter.swift; sourceTree = "<group>"; };
		BB2D8FC54691FBA161BC0B95 /* LockScreenActivityView.swift */ = {isa = PBXFileReference; includeInIndex = 1; lastKnownFileType = sourcecode.swift; name = LockScreenActivityView.swift; path = ../../MiWarpLiveActivityExtension/Views/LockScreenActivityView.swift; sourceTree = "<group>"; };
		C0E65980CBFDCE0641A89EB6 /* ChatView.swift */ = {isa = PBXFileReference; lastKnownFileType = sourcecode.swift; path = ChatView.swift; sourceTree = "<group>"; };
		C664FD00C805F710AB2CB298 /* MiWarp.app */ = {isa = PBXFileReference; explicitFileType = wrapper.application; includeInIndex = 0; path = MiWarp.app; sourceTree = BUILT_PRODUCTS_DIR; };
		CE07B77E559C30A1 /* AgentSyncManager.swift */ = {isa = PBXFileReference; lastKnownFileType = sourcecode.swift; path = AgentSyncManager.swift; sourceTree = "<group>"; };
		CF2DF97B4D4DB5A75EBEB6AD /* ApprovalCardView.swift */ = {isa = PBXFileReference; lastKnownFileType = sourcecode.swift; path = ApprovalCardView.swift; sourceTree = "<group>"; };
		CHATVIEWMODELREF00000 /* ChatViewModel.swift */ = {isa = PBXFileReference; lastKnownFileType = sourcecode.swift; path = ChatViewModel.swift; sourceTree = "<group>"; };
		D79C91C976F9F764AF38DA9E /* MWTypography.swift */ = {isa = PBXFileReference; lastKnownFileType = sourcecode.swift; path = MWTypography.swift; sourceTree = "<group>"; };
		D86348B9DC8374F8A7B3688E /* ArtifactsView.swift */ = {isa = PBXFileReference; lastKnownFileType = sourcecode.swift; path = ArtifactsView.swift; sourceTree = "<group>"; };
		D96C72BF6A3A4D97C5F82319 /* MiWarpLiveActivityExtension */ = {isa = PBXFileReference; explicitFileType = "wrapper.app-extension"; includeInIndex = 0; name = MiWarpLiveActivityExtension; path = MiWarpLiveActivityExtension.appex; sourceTree = BUILT_PRODUCTS_DIR; };
		E11C7238E3EBF5610ACD5E41 /* DynamicIslandExpandedView.swift */ = {isa = PBXFileReference; includeInIndex = 1; lastKnownFileType = sourcecode.swift; name = DynamicIslandExpandedView.swift; path = ../../MiWarpLiveActivityExtension/Views/DynamicIslandExpandedView.swift; sourceTree = "<group>"; };
		E5CA8BB9104E61D9 /* LiveActivityDemoView.swift */ = {isa = PBXFileReference; lastKnownFileType = sourcecode.swift; path = LiveActivityDemoView.swift; sourceTree = "<group>"; };
		F0F107680AD38109AD258F79 /* DiffPreviewView.swift */ = {isa = PBXFileReference; lastKnownFileType = sourcecode.swift; path = DiffPreviewView.swift; sourceTree = "<group>"; };
		F56164434961DBAFF3086CE8 /* MiWarpMobile.entitlements */ = {isa = PBXFileReference; lastKnownFileType = text.plist.entitlements; path = MiWarpMobile.entitlements; sourceTree = "<group>"; };
/* End PBXFileReference section */

/* Begin PBXFrameworksBuildPhase section */
		D305DAA82010344B7AC26845 /* Frameworks */ = {
			isa = PBXFrameworksBuildPhase;
			buildActionMask = 2147483647;
			files = (
				2BDE5BB585506D8FE578A2A5 /* Foundation.framework in Frameworks */,
			);
			runOnlyForDeploymentPostprocessing = 0;
		};
/* End PBXFrameworksBuildPhase section */

/* Begin PBXGroup section */
		06B3F40200C9628F9C51930E /* Core */ = {
			isa = PBXGroup;
			children = (
				6A0B57EF75232E7CBDA97B0D /* MiWarpConnectionStore.swift */,
				B85BC39AF301E61AA2D7BDDF /* MiWarpEventReducer.swift */,
				9737E58B096F2A6DFBA00DFA /* MiWarpKeychain.swift */,
				3EF42EA4D95E49A3EE8DFCE5 /* MiWarpLogger.swift */,
				02342E23F233A1CF248129CF /* MiWarpModels.swift */,
				87A3AF41B54A7D4AF4EF7B78 /* MiWarpRPC.swift */,
				74358DE064BFA91D37F88C20 /* MiWarpWebSocketClient.swift */,
			);
			path = Core;
			sourceTree = "<group>";
		};
		1DB9B8F84F7FDA2C3BF3FB4E /* Artifacts */ = {
			isa = PBXGroup;
			children = (
				D86348B9DC8374F8A7B3688E /* ArtifactsView.swift */,
				F0F107680AD38109AD258F79 /* DiffPreviewView.swift */,
			);
			path = Artifacts;
			sourceTree = "<group>";
		};
		21B9443E7ADA0E66BC51EC45 = {
			isa = PBXGroup;
			children = (
				22BD8ACE83181FFD864F28B1 /* MiWarpMobile */,
				DEECF2C198EF49DF81D17E61 /* Products */,
				AD5DCC510C5A6692694A3E30 /* Frameworks */,
			);
			sourceTree = "<group>";
		};
		22BD8ACE83181FFD864F28B1 /* MiWarpMobile */ = {
			isa = PBXGroup;
			children = (
				3F298A52E1516DD55DDBFBB1 /* App */,
				06B3F40200C9628F9C51930E /* Core */,
				DC54AFBAC9418EB17B2FAEE5 /* DesignSystem */,
				B8B851F80CFCF7DD00AD8922 /* Features */,
				FFF295E37EFF54B540E122AE /* Resources */,
				LAROOTGRP00000001 /* LiveActivities */,
				87A1E376C9BAC264AF0D11F1 /* MiWarpLiveActivityExtension */,
			);
			path = MiWarpMobile;
			sourceTree = "<group>";
		};
		3F298A52E1516DD55DDBFBB1 /* App */ = {
			isa = PBXGroup;
			children = (
				B9EBC6E7E1C3A6687A1AC5BD /* AppRouter.swift */,
				0C548D8CEFC934933FBECC65 /* MiWarpMobileApp.swift */,
			);
			path = App;
			sourceTree = "<group>";
		};
		437C4B79688DD86A7C7CCE5D /* Pairing */ = {
			isa = PBXGroup;
			children = (
				90961D2A1D3E576400FBA90D /* ConnectionListView.swift */,
				B3FAA7EA2B1B6F88F3FCE898 /* PairingView.swift */,
				0357B8FA940E87F3AFEE4019 /* QRScannerView.swift */,
			);
			path = Pairing;
			sourceTree = "<group>";
		};
		4E8627887DB2A06C5DDC1C58 /* Settings */ = {
			isa = PBXGroup;
			children = (
				1BDC398FA44E521237508ED9 /* MobileSettingsView.swift */,
				E5CA8BB9104E61D9 /* LiveActivityDemoView.swift */,
			);
			path = Settings;
			sourceTree = "<group>";
		};
		5AD5293A6BDB224259C87E3C /* iOS */ = {
			isa = PBXGroup;
			children = (
				6C63DFFB943A6F41E7A1047B /* Foundation.framework */,
			);
			name = iOS;
			sourceTree = "<group>";
		};
		6A4E33DD8A32F84C3E4B0112 /* Sessions */ = {
			isa = PBXGroup;
			children = (
				987255B12C719BFE7C7334E3 /* SessionCardView.swift */,
				015D6770F2BF381E65357860 /* SessionFiltersView.swift */,
				6A5CFCDC3786BC4196BFD619 /* SessionHubView.swift */,
			);
			path = Sessions;
			sourceTree = "<group>";
		};
		87A1E376C9BAC264AF0D11F1 /* MiWarpLiveActivityExtension */ = {
			isa = PBXGroup;
			children = (
				31E2F1B41F9576F7C6DB4D5D /* MiWarpLiveActivityWidget.swift */,
				502D6F88661C2425E0CE0430 /* DynamicIslandCompactView.swift */,
				E11C7238E3EBF5610ACD5E41 /* DynamicIslandExpandedView.swift */,
				BB2D8FC54691FBA161BC0B95 /* LockScreenActivityView.swift */,
				235D10DA9D0EE05FFD8BAA77 /* MiWarpActivityAvatarRing.swift */,
				2E1D23DAA5CC7F44690E6E8F /* MiWarpMascotStatusView.swift */,
				02F184F1D58906E2D1C6435E /* MiWarpRingProgressView.swift */,
				0F70AC0095170D3215FA8A26 /* WidgetColorHelper.swift */,
				0E17A136C86C2624BEC230EF /* Info.plist */,
				A32CAE291A63375CA4F70871 /* MiWarpLiveActivityExtension.entitlements */,
			);
			name = MiWarpLiveActivityExtension;
			path = MiWarpLiveActivityExtension;
			sourceTree = "<group>";
		};
		90FF8A3EAF6BDC69F7056862 /* Chat */ = {
			isa = PBXGroup;
			children = (
				CF2DF97B4D4DB5A75EBEB6AD /* ApprovalCardView.swift */,
				096DDAC3E0FF81650A464E57 /* ChatInputBar.swift */,
				C0E65980CBFDCE0641A89EB6 /* ChatView.swift */,
				CHATVIEWMODELREF00000 /* ChatViewModel.swift */,
				A9E75A871369C61901E50A56 /* MessageBubbleView.swift */,
				4F9476AE56F033A24CF340F5 /* MessageListView.swift */,
				3F6C0CCD921DD31844147DD1 /* RawEventView.swift */,
				6E481018763FF42586EAB656 /* ToolCallCardView.swift */,
			);
			path = Chat;
			sourceTree = "<group>";
		};
		AD5DCC510C5A6692694A3E30 /* Frameworks */ = {
			isa = PBXGroup;
			children = (
				5AD5293A6BDB224259C87E3C /* iOS */,
			);
			name = Frameworks;
			sourceTree = "<group>";
		};
		B8B851F80CFCF7DD00AD8922 /* Features */ = {
			isa = PBXGroup;
			children = (
				1DB9B8F84F7FDA2C3BF3FB4E /* Artifacts */,
				90FF8A3EAF6BDC69F7056862 /* Chat */,
				437C4B79688DD86A7C7CCE5D /* Pairing */,
				6A4E33DD8A32F84C3E4B0112 /* Sessions */,
				4E8627887DB2A06C5DDC1C58 /* Settings */,
			);
			path = Features;
			sourceTree = "<group>";
		};
		DC54AFBAC9418EB17B2FAEE5 /* DesignSystem */ = {
			isa = PBXGroup;
			children = (
				24865EBC18A08682F72F290F /* MWColors.swift */,
				69E7E49A3B0F2853F7255337 /* MWComponents.swift */,
				48092D2C4044F54B928D3A0D /* MWTheme.swift */,
				D79C91C976F9F764AF38DA9E /* MWTypography.swift */,
			);
			path = DesignSystem;
			sourceTree = "<group>";
		};
		DEECF2C198EF49DF81D17E61 /* Products */ = {
			isa = PBXGroup;
			children = (
				C664FD00C805F710AB2CB298 /* MiWarp.app */,
				D96C72BF6A3A4D97C5F82319 /* MiWarpLiveActivityExtension */,
			);
			name = Products;
			sourceTree = "<group>";
		};
		FFF295E37EFF54B540E122AE /* Resources */ = {
			isa = PBXGroup;
			children = (
				64526B69FA3F302F90E918A2 /* Assets.xcassets */,
				218378B6F9F53E2E224481E7 /* Info.plist */,
				F56164434961DBAFF3086CE8 /* MiWarpMobile.entitlements */,
			);
			path = Resources;
			sourceTree = "<group>";
		};
		LAATTRGRP00000001 /* Attributes */ = {
			isa = PBXGroup;
			children = (
				55FB828288367326 /* AgentTaskAttributes.swift */,
				230EF37D09827AC1 /* SessionSyncAttributes.swift */,
			);
			path = Attributes;
			sourceTree = "<group>";
		};
		LADLGRP00000001 /* DeepLink */ = {
			isa = PBXGroup;
			children = (
				972706DDCE76C5C3 /* LiveActivityDeepLink.swift */,
			);
			path = DeepLink;
			sourceTree = "<group>";
		};
		LAMGRGRP00000001 /* Manager */ = {
			isa = PBXGroup;
			children = (
				CE07B77E559C30A1 /* AgentSyncManager.swift */,
				3824B3A40324D16D /* LiveActivityManager.swift */,
				A4CE3E187FEFBBD6 /* SessionSyncManager.swift */,
			);
			path = Manager;
			sourceTree = "<group>";
		};
		LAMODGRP00000001 /* Models */ = {
			isa = PBXGroup;
			children = (
				A3FB27CCEE013C5A /* LiveActivityPhase.swift */,
				10FCE309A6DF1E3C /* MascotState.swift */,
			);
			path = Models;
			sourceTree = "<group>";
		};
		LAROOTGRP00000001 /* LiveActivities */ = {
			isa = PBXGroup;
			children = (
				LAATTRGRP00000001 /* Attributes */,
				LADLGRP00000001 /* DeepLink */,
				LAMGRGRP00000001 /* Manager */,
				LAMODGRP00000001 /* Models */,
			);
			path = LiveActivities;
			sourceTree = "<group>";
		};
/* End PBXGroup section */

/* Begin PBXNativeTarget section */
		F5527037C4FC0F96386B3B04 /* MiWarpLiveActivityExtension */ = {
			isa = PBXNativeTarget;
			buildConfigurationList = A846244B0410FBAF1D0D6498 /* Build configuration list for PBXNativeTarget "MiWarpLiveActivityExtension" */;
			buildPhases = (
				8F1AF88DC8F47ED938754B0F /* Sources */,
				D305DAA82010344B7AC26845 /* Frameworks */,
				FB9AC67D2746AD7C0C7AACF6 /* Resources */,
			);
			buildRules = (
			);
			dependencies = (
			);
			name = MiWarpLiveActivityExtension;
			productName = MiWarpLiveActivityExtension;
			productReference = D96C72BF6A3A4D97C5F82319 /* MiWarpLiveActivityExtension */;
			productType = "com.apple.product-type.app-extension";
		};
		F8E7E71355059B3247A86C55 /* MiWarpMobile */ = {
			isa = PBXNativeTarget;
			buildConfigurationList = 1530B67D58F823A1958C4553 /* Build configuration list for PBXNativeTarget "MiWarpMobile" */;
			buildPhases = (
				9C8100177FC1DD16EAC902DC /* Sources */,
				546F474D9113DEF931D8E907 /* Resources */,
			);
			buildRules = (
			);
			dependencies = (
				0461B3F2B72B6433D2DE59B7 /* PBXTargetDependency */,
			);
			name = MiWarpMobile;
			productName = MiWarpMobile;
			productReference = C664FD00C805F710AB2CB298 /* MiWarp.app */;
			productType = "com.apple.product-type.application";
		};
/* End PBXNativeTarget section */

/* Begin PBXProject section */
		11F491C32C81F5DD954CCFEB /* Project object */ = {
			isa = PBXProject;
			attributes = {
				BuildIndependentTargetsInParallel = YES;
				LastUpgradeCheck = 1500;
				TargetAttributes = {
					F8E7E71355059B3247A86C55 = {
						ProvisioningStyle = Automatic;
					};
				};
			};
			buildConfigurationList = 50671168109FA766CF2E8E13 /* Build configuration list for PBXProject "MiWarpMobile" */;
			developmentRegion = en;
			hasScannedForEncodings = 0;
			knownRegions = (
				Base,
				en,
			);
			mainGroup = 21B9443E7ADA0E66BC51EC45;
			minimizedProjectReferenceProxies = 1;
			preferredProjectObjectVersion = 77;
			productRefGroup = DEECF2C198EF49DF81D17E61 /* Products */;
			projectDirPath = "";
			projectRoot = "";
			targets = (
				F8E7E71355059B3247A86C55 /* MiWarpMobile */,
				F5527037C4FC0F96386B3B04 /* MiWarpLiveActivityExtension */,
			);
		};
/* End PBXProject section */

/* Begin PBXResourcesBuildPhase section */
		546F474D9113DEF931D8E907 /* Resources */ = {
			isa = PBXResourcesBuildPhase;
			buildActionMask = 2147483647;
			files = (
				1A0B8BAEDB303A040B818DDC /* Assets.xcassets in Resources */,
			);
			runOnlyForDeploymentPostprocessing = 0;
		};
		FB9AC67D2746AD7C0C7AACF6 /* Resources */ = {
			isa = PBXResourcesBuildPhase;
			buildActionMask = 2147483647;
			files = (
			);
			runOnlyForDeploymentPostprocessing = 0;
		};
/* End PBXResourcesBuildPhase section */

/* Begin PBXSourcesBuildPhase section */
		8F1AF88DC8F47ED938754B0F /* Sources */ = {
			isa = PBXSourcesBuildPhase;
			buildActionMask = 2147483647;
			files = (
				F5CC3C6ED01609154DB20253 /* MiWarpLiveActivityWidget.swift in Sources */,
				B04757E2E24D3A45F7473CE2 /* DynamicIslandCompactView.swift in Sources */,
				76EEAC0FC03DA3FF2027F759 /* DynamicIslandExpandedView.swift in Sources */,
				C7648DAF442620D15281A519 /* LockScreenActivityView.swift in Sources */,
				3D885E06982487C0C11DFA0C /* MiWarpActivityAvatarRing.swift in Sources */,
				A421B83FA42F69975CD74E77 /* MiWarpMascotStatusView.swift in Sources */,
				C519099BA1DEB54370019F82 /* MiWarpRingProgressView.swift in Sources */,
				8F6CCEC299A66E4372A834EB /* WidgetColorHelper.swift in Sources */,
				23BAED383DBAC04B51B6D66F /* AgentTaskAttributes.swift in Sources */,
				46DBC49F0B2B915B28F03533 /* SessionSyncAttributes.swift in Sources */,
				563E00C7BDA2351B8229136A /* LiveActivityDeepLink.swift in Sources */,
				6081EC7D2CF73109F19DB9E3 /* LiveActivityPhase.swift in Sources */,
				4D5DDE0D979274C2C53F5E08 /* MascotState.swift in Sources */,
			);
			runOnlyForDeploymentPostprocessing = 0;
		};
		9C8100177FC1DD16EAC902DC /* Sources */ = {
			isa = PBXSourcesBuildPhase;
			buildActionMask = 2147483647;
			files = (
				24908B86D77D42EB10C3DEF0 /* AppRouter.swift in Sources */,
				FBAA055780AF798D3BB80B6B /* ApprovalCardView.swift in Sources */,
				04DB51B2A725C113B3A6EE29 /* ArtifactsView.swift in Sources */,
				FE7765B8799D45D7EF4E3626 /* ChatInputBar.swift in Sources */,
				6F565ED315DFAAAD6CC80C6D /* ChatView.swift in Sources */,
				CHATVIEWMODEL12345678 /* ChatViewModel.swift in Sources */,
				6791ED1049A4C99EC0895E03 /* ConnectionListView.swift in Sources */,
				31752E8113DC5B9B09E5B8D0 /* DiffPreviewView.swift in Sources */,
				8C469F2748D6D72D5BEB4DF2 /* MWColors.swift in Sources */,
				F0FBF592BF4ED3A133FB8A3A /* MWComponents.swift in Sources */,
				C96972A01DA3558985C1A234 /* MWTheme.swift in Sources */,
				65AA0F610CDB4B67B39B53C9 /* MWTypography.swift in Sources */,
				8946456184C3D6B8126E8EA1 /* MessageBubbleView.swift in Sources */,
				A210B494EBB75AB16812621E /* MessageListView.swift in Sources */,
				FCCCC4792AEF4E33B3F92E1D /* MiWarpConnectionStore.swift in Sources */,
				DFA039E9FFE6D381AA863AD2 /* MiWarpEventReducer.swift in Sources */,
				F4EC3C0A42C3DA0D397A2F3F /* MiWarpKeychain.swift in Sources */,
				3F6BFBDB959EC1C975CA3F05 /* MiWarpLogger.swift in Sources */,
				C0A5C03FAD0BF00E36BCDB2E /* MiWarpMobileApp.swift in Sources */,
				18E3370AE5AE152C060EB950 /* MiWarpModels.swift in Sources */,
				18E246F86CCFC3D52E28E1DA /* MiWarpRPC.swift in Sources */,
				DA9BDFA699E6C93BBB381595 /* MiWarpWebSocketClient.swift in Sources */,
				46C205483229F049CF7547B0 /* MobileSettingsView.swift in Sources */,
				A5BBE889D03AB2D6A4C7AD34 /* PairingView.swift in Sources */,
				1AAB91C90865BBEFE731E609 /* QRScannerView.swift in Sources */,
				532CCC78DC030F41D8724B45 /* RawEventView.swift in Sources */,
				A172FA18B2E5D055735D564B /* SessionCardView.swift in Sources */,
				DA3692C0666B9ADCAEE3784A /* SessionFiltersView.swift in Sources */,
				9B288F274A622D202EA9133D /* SessionHubView.swift in Sources */,
				24D59176054F3AF6 /* LiveActivityDemoView.swift in Sources */,
				E2B3A825971612D747C522A7 /* ToolCallCardView.swift in Sources */,
				A99EF19A54DEA797 /* AgentTaskAttributes.swift in Sources */,
				61C878F248E60363 /* SessionSyncAttributes.swift in Sources */,
				D2E6242027E4F4AB /* LiveActivityDeepLink.swift in Sources */,
				150E1E3950560F24 /* AgentSyncManager.swift in Sources */,
				789373F17DB80E1B /* LiveActivityManager.swift in Sources */,
				9BB15338BCB478A5 /* SessionSyncManager.swift in Sources */,
				87BA9E0A5AC074DE /* LiveActivityPhase.swift in Sources */,
				0F16E07198160397 /* MascotState.swift in Sources */,
			);
			runOnlyForDeploymentPostprocessing = 0;
		};
/* End PBXSourcesBuildPhase section */

/* Begin PBXTargetDependency section */
		0461B3F2B72B6433D2DE59B7 /* PBXTargetDependency */ = {
			isa = PBXTargetDependency;
			name = MiWarpLiveActivityExtension;
			target = F5527037C4FC0F96386B3B04 /* MiWarpLiveActivityExtension */;
			targetProxy = 4CF41C2C0EC1FED0DEC84445 /* PBXContainerItemProxy */;
		};
/* End PBXTargetDependency section */

/* Begin XCBuildConfiguration section */
		473442DBD2602487C3B624A1 /* Release */ = {
			isa = XCBuildConfiguration;
			buildSettings = {
				ASSETCATALOG_COMPILER_APPICON_NAME = AppIcon;
				CODE_SIGN_ENTITLEMENTS = MiWarpMobile/Resources/MiWarpMobile.entitlements;
				CODE_SIGN_IDENTITY = "iPhone Developer";
				DEVELOPMENT_TEAM = 5CQ49A8XPZ;
				INFOPLIST_FILE = MiWarpMobile/Resources/Info.plist;
				LD_RUNPATH_SEARCH_PATHS = (
					"$(inherited)",
					"@executable_path/Frameworks",
				);
				PRODUCT_BUNDLE_IDENTIFIER = com.miwarp.mobile;
				SDKROOT = iphoneos;
				TARGETED_DEVICE_FAMILY = "1,2";
			};
			name = Release;
		};
		AE0E2C4A305635FE2ADD4577 /* Debug */ = {
			isa = XCBuildConfiguration;
			buildSettings = {
				ASSETCATALOG_COMPILER_APPICON_NAME = AppIcon;
				CODE_SIGN_ENTITLEMENTS = MiWarpMobile/Resources/MiWarpMobile.entitlements;
				CODE_SIGN_IDENTITY = "iPhone Developer";
				DEVELOPMENT_TEAM = 5CQ49A8XPZ;
				INFOPLIST_FILE = MiWarpMobile/Resources/Info.plist;
				LD_RUNPATH_SEARCH_PATHS = (
					"$(inherited)",
					"@executable_path/Frameworks",
				);
				PRODUCT_BUNDLE_IDENTIFIER = com.miwarp.mobile;
				SDKROOT = iphoneos;
				TARGETED_DEVICE_FAMILY = "1,2";
			};
			name = Debug;
		};
		B462DD30483561ABA5D9103B /* Debug */ = {
			isa = XCBuildConfiguration;
			buildSettings = {
				ALWAYS_SEARCH_USER_PATHS = NO;
				ASSETCATALOG_COMPILER_APPICON_NAME = AppIcon;
				ASSETCATALOG_COMPILER_GLOBAL_ACCENT_COLOR_NAME = AccentColor;
				CLANG_ANALYZER_NONNULL = YES;
				CLANG_ANALYZER_NUMBER_OBJECT_CONVERSION = YES_AGGRESSIVE;
				CLANG_CXX_LANGUAGE_STANDARD = "gnu++14";
				CLANG_CXX_LIBRARY = "libc++";
				CLANG_ENABLE_MODULES = YES;
				CLANG_ENABLE_OBJC_ARC = YES;
				CLANG_ENABLE_OBJC_WEAK = YES;
				CLANG_WARN_BLOCK_CAPTURE_AUTORELEASING = YES;
				CLANG_WARN_BOOL_CONVERSION = YES;
				CLANG_WARN_COMMA = YES;
				CLANG_WARN_CONSTANT_CONVERSION = YES;
				CLANG_WARN_DEPRECATED_OBJC_IMPLEMENTATIONS = YES;
				CLANG_WARN_DIRECT_OBJC_ISA_USAGE = YES_ERROR;
				CLANG_WARN_DOCUMENTATION_COMMENTS = YES;
				CLANG_WARN_EMPTY_BODY = YES;
				CLANG_WARN_ENUM_CONVERSION = YES;
				CLANG_WARN_INFINITE_RECURSION = YES;
				CLANG_WARN_INT_CONVERSION = YES;
				CLANG_WARN_NON_LITERAL_NULL_CONVERSION = YES;
				CLANG_WARN_OBJC_IMPLICIT_RETAIN_SELF = YES;
				CLANG_WARN_OBJC_LITERAL_CONVERSION = YES;
				CLANG_WARN_OBJC_ROOT_CLASS = YES_ERROR;
				CLANG_WARN_QUOTED_INCLUDE_IN_FRAMEWORK_HEADER = YES;
				CLANG_WARN_RANGE_LOOP_ANALYSIS = YES;
				CLANG_WARN_STRICT_PROTOTYPES = YES;
				CLANG_WARN_SUSPICIOUS_MOVE = YES;
				CLANG_WARN_UNGUARDED_AVAILABILITY = YES_AGGRESSIVE;
				CLANG_WARN_UNREACHABLE_CODE = YES;
				CLANG_WARN__DUPLICATE_METHOD_MATCH = YES;
				CODE_SIGN_STYLE = Automatic;
				COPY_PHASE_STRIP = NO;
				CURRENT_PROJECT_VERSION = 1;
				DEBUG_INFORMATION_FORMAT = dwarf;
				DEVELOPMENT_TEAM = "";
				ENABLE_STRICT_OBJC_MSGSEND = YES;
				ENABLE_TESTABILITY = YES;
				GCC_C_LANGUAGE_STANDARD = gnu11;
				GCC_DYNAMIC_NO_PIC = NO;
				GCC_NO_COMMON_BLOCKS = YES;
				GCC_OPTIMIZATION_LEVEL = 0;
				GCC_PREPROCESSOR_DEFINITIONS = (
					"$(inherited)",
					"DEBUG=1",
				);
				GCC_WARN_64_TO_32_BIT_CONVERSION = YES;
				GCC_WARN_ABOUT_RETURN_TYPE = YES_ERROR;
				GCC_WARN_UNDECLARED_SELECTOR = YES;
				GCC_WARN_UNINITIALIZED_AUTOS = YES_AGGRESSIVE;
				GCC_WARN_UNUSED_FUNCTION = YES;
				GCC_WARN_UNUSED_VARIABLE = YES;
				INFOPLIST_FILE = MiWarpMobile/Resources/Info.plist;
				IPHONEOS_DEPLOYMENT_TARGET = 17.0;
				MARKETING_VERSION = 1.0.0;
				MTL_ENABLE_DEBUG_INFO = INCLUDE_SOURCE;
				MTL_FAST_MATH = YES;
				ONLY_ACTIVE_ARCH = YES;
				PRODUCT_NAME = MiWarp;
				SDKROOT = iphoneos;
				SWIFT_ACTIVE_COMPILATION_CONDITIONS = DEBUG;
				SWIFT_OPTIMIZATION_LEVEL = "-Onone";
				SWIFT_VERSION = 5.9;
				TARGETED_DEVICE_FAMILY = "1,2";
			};
			name = Debug;
		};
		B8D4FE114EDB53A1B954E97B /* Release */ = {
			isa = XCBuildConfiguration;
			buildSettings = {
				ALWAYS_SEARCH_USER_PATHS = NO;
				ASSETCATALOG_COMPILER_APPICON_NAME = AppIcon;
				ASSETCATALOG_COMPILER_GLOBAL_ACCENT_COLOR_NAME = AccentColor;
				CLANG_ANALYZER_NONNULL = YES;
				CLANG_ANALYZER_NUMBER_OBJECT_CONVERSION = YES_AGGRESSIVE;
				CLANG_CXX_LANGUAGE_STANDARD = "gnu++14";
				CLANG_CXX_LIBRARY = "libc++";
				CLANG_ENABLE_MODULES = YES;
				CLANG_ENABLE_OBJC_ARC = YES;
				CLANG_ENABLE_OBJC_WEAK = YES;
				CLANG_WARN_BLOCK_CAPTURE_AUTORELEASING = YES;
				CLANG_WARN_BOOL_CONVERSION = YES;
				CLANG_WARN_COMMA = YES;
				CLANG_WARN_CONSTANT_CONVERSION = YES;
				CLANG_WARN_DEPRECATED_OBJC_IMPLEMENTATIONS = YES;
				CLANG_WARN_DIRECT_OBJC_ISA_USAGE = YES_ERROR;
				CLANG_WARN_DOCUMENTATION_COMMENTS = YES;
				CLANG_WARN_EMPTY_BODY = YES;
				CLANG_WARN_ENUM_CONVERSION = YES;
				CLANG_WARN_INFINITE_RECURSION = YES;
				CLANG_WARN_INT_CONVERSION = YES;
				CLANG_WARN_NON_LITERAL_NULL_CONVERSION = YES;
				CLANG_WARN_OBJC_IMPLICIT_RETAIN_SELF = YES;
				CLANG_WARN_OBJC_LITERAL_CONVERSION = YES;
				CLANG_WARN_OBJC_ROOT_CLASS = YES_ERROR;
				CLANG_WARN_QUOTED_INCLUDE_IN_FRAMEWORK_HEADER = YES;
				CLANG_WARN_RANGE_LOOP_ANALYSIS = YES;
				CLANG_WARN_STRICT_PROTOTYPES = YES;
				CLANG_WARN_SUSPICIOUS_MOVE = YES;
				CLANG_WARN_UNGUARDED_AVAILABILITY = YES_AGGRESSIVE;
				CLANG_WARN_UNREACHABLE_CODE = YES;
				CLANG_WARN__DUPLICATE_METHOD_MATCH = YES;
				CODE_SIGN_STYLE = Automatic;
				COPY_PHASE_STRIP = NO;
				CURRENT_PROJECT_VERSION = 1;
				DEBUG_INFORMATION_FORMAT = "dwarf-with-dsym";
				DEVELOPMENT_TEAM = "";
				ENABLE_NS_ASSERTIONS = NO;
				ENABLE_STRICT_OBJC_MSGSEND = YES;
				GCC_C_LANGUAGE_STANDARD = gnu11;
				GCC_NO_COMMON_BLOCKS = YES;
				GCC_WARN_64_TO_32_BIT_CONVERSION = YES;
				GCC_WARN_ABOUT_RETURN_TYPE = YES_ERROR;
				GCC_WARN_UNDECLARED_SELECTOR = YES;
				GCC_WARN_UNINITIALIZED_AUTOS = YES_AGGRESSIVE;
				GCC_WARN_UNUSED_FUNCTION = YES;
				GCC_WARN_UNUSED_VARIABLE = YES;
				INFOPLIST_FILE = MiWarpMobile/Resources/Info.plist;
				IPHONEOS_DEPLOYMENT_TARGET = 17.0;
				MARKETING_VERSION = 1.0.0;
				MTL_ENABLE_DEBUG_INFO = NO;
				MTL_FAST_MATH = YES;
				PRODUCT_NAME = MiWarp;
				SDKROOT = iphoneos;
				SWIFT_COMPILATION_MODE = wholemodule;
				SWIFT_OPTIMIZATION_LEVEL = "-O";
				SWIFT_VERSION = 5.9;
				TARGETED_DEVICE_FAMILY = "1,2";
			};
			name = Release;
		};
		C041A2B305D7CB24BAFE99EA /* Release */ = {
			isa = XCBuildConfiguration;
			buildSettings = {
				CLANG_ENABLE_OBJC_WEAK = NO;
				CODE_SIGN_ENTITLEMENTS = MiWarpLiveActivityExtension/MiWarpLiveActivityExtension.entitlements;
				IPHONEOS_DEPLOYMENT_TARGET = 17.0;
				PRODUCT_MODULE_NAME = MiWarpLiveActivityExtension;
				PRODUCT_NAME = MiWarpLiveActivityExtension;
				SDKROOT = iphoneos;
				SKIP_INSTALL = YES;
				VALIDATE_PRODUCT = YES;
			};
			name = Release;
		};
		C6CB341FE0B06A1EF88F1493 /* Debug */ = {
			isa = XCBuildConfiguration;
			buildSettings = {
				CLANG_ENABLE_OBJC_WEAK = NO;
				CODE_SIGN_ENTITLEMENTS = MiWarpLiveActivityExtension/MiWarpLiveActivityExtension.entitlements;
				IPHONEOS_DEPLOYMENT_TARGET = 17.0;
				PRODUCT_MODULE_NAME = MiWarpLiveActivityExtension;
				PRODUCT_NAME = MiWarpLiveActivityExtension;
				SDKROOT = iphoneos;
				SKIP_INSTALL = YES;
			};
			name = Debug;
		};
/* End XCBuildConfiguration section */

/* Begin XCConfigurationList section */
		1530B67D58F823A1958C4553 /* Build configuration list for PBXNativeTarget "MiWarpMobile" */ = {
			isa = XCConfigurationList;
			buildConfigurations = (
				AE0E2C4A305635FE2ADD4577 /* Debug */,
				473442DBD2602487C3B624A1 /* Release */,
			);
			defaultConfigurationIsVisible = 0;
			defaultConfigurationName = Debug;
		};
		50671168109FA766CF2E8E13 /* Build configuration list for PBXProject "MiWarpMobile" */ = {
			isa = XCConfigurationList;
			buildConfigurations = (
				B462DD30483561ABA5D9103B /* Debug */,
				B8D4FE114EDB53A1B954E97B /* Release */,
			);
			defaultConfigurationIsVisible = 0;
			defaultConfigurationName = Debug;
		};
		A846244B0410FBAF1D0D6498 /* Build configuration list for PBXNativeTarget "MiWarpLiveActivityExtension" */ = {
			isa = XCConfigurationList;
			buildConfigurations = (
				C041A2B305D7CB24BAFE99EA /* Release */,
				C6CB341FE0B06A1EF88F1493 /* Debug */,
			);
			defaultConfigurationIsVisible = 0;
			defaultConfigurationName = Release;
		};
/* End XCConfigurationList section */
	};
	rootObject = 11F491C32C81F5DD954CCFEB /* Project object */;
}
